
Microsoft Visual Studio Solution File, Format Version 12.00
# Visual Studio Version 17
VisualStudioVersion = 17.2.32602.215
MinimumVisualStudioVersion = 10.0.40219.1
Project("{2150E333-8FDC-42A3-9474-1A3956D46DE8}") = "apps", "apps", "{6F1024A2-7B59-4941-9F3C-F41634DE42A8}"
EndProject
Project("{2150E333-8FDC-42A3-9474-1A3956D46DE8}") = "Ezrie.AccountManagement", "Ezrie.AccountManagement", "{A0B34E3D-DBA6-462C-954F-9F8505D2F63C}"
EndProject
Project("{2150E333-8FDC-42A3-9474-1A3956D46DE8}") = "src", "src", "{B8772566-B13B-438F-BAF7-30595048C658}"
EndProject
Project("{9A19103F-16F7-4668-BE54-9A1E7A4F7556}") = "Ezrie.AccountManagement.Admin", "apps\Ezrie.AccountManagement\src\Ezrie.AccountManagement.Admin\Ezrie.AccountManagement.Admin.csproj", "{8D319689-1590-40B5-8232-E464A4EF3F8B}"
EndProject
Project("{9A19103F-16F7-4668-BE54-9A1E7A4F7556}") = "Ezrie.AccountManagement.Domain", "apps\Ezrie.AccountManagement\src\Ezrie.AccountManagement.Domain\Ezrie.AccountManagement.Domain.csproj", "{F7990A24-98A7-49B2-87C3-C8344D76E25B}"
EndProject
Project("{9A19103F-16F7-4668-BE54-9A1E7A4F7556}") = "Ezrie.AccountManagement.Domain.Shared", "apps\Ezrie.AccountManagement\src\Ezrie.AccountManagement.Domain.Shared\Ezrie.AccountManagement.Domain.Shared.csproj", "{9FA98729-FC37-4406-8C08-33E2C2ABA033}"
EndProject
Project("{9A19103F-16F7-4668-BE54-9A1E7A4F7556}") = "Ezrie.AccountManagement.EntityFrameworkCore", "apps\Ezrie.AccountManagement\src\Ezrie.AccountManagement.EntityFrameworkCore\Ezrie.AccountManagement.EntityFrameworkCore.csproj", "{816BFB2F-1EC7-4EBA-BEEC-F338173406CB}"
EndProject
Project("{9A19103F-16F7-4668-BE54-9A1E7A4F7556}") = "Ezrie.AccountManagement.EntityFrameworkCore.MySql", "apps\Ezrie.AccountManagement\src\Ezrie.AccountManagement.EntityFrameworkCore.MySql\Ezrie.AccountManagement.EntityFrameworkCore.MySql.csproj", "{A49F63D6-C18B-4CAC-8642-87D4E4AA8074}"
EndProject
Project("{9A19103F-16F7-4668-BE54-9A1E7A4F7556}") = "Ezrie.AccountManagement.EntityFrameworkCore.PostgreSQL", "apps\Ezrie.AccountManagement\src\Ezrie.AccountManagement.EntityFrameworkCore.PostgreSQL\Ezrie.AccountManagement.EntityFrameworkCore.PostgreSQL.csproj", "{9DFE853D-48A2-49EC-8D9E-311481E18D45}"
EndProject
Project("{9A19103F-16F7-4668-BE54-9A1E7A4F7556}") = "Ezrie.AccountManagement.EntityFrameworkCore.SqlServer", "apps\Ezrie.AccountManagement\src\Ezrie.AccountManagement.EntityFrameworkCore.SqlServer\Ezrie.AccountManagement.EntityFrameworkCore.SqlServer.csproj", "{C59A402A-032F-4443-ACDB-BE0C00A29979}"
EndProject
Project("{9A19103F-16F7-4668-BE54-9A1E7A4F7556}") = "Ezrie.AccountManagement.HttpApi.Host", "apps\Ezrie.AccountManagement\src\Ezrie.AccountManagement.HttpApi.Host\Ezrie.AccountManagement.HttpApi.Host.csproj", "{521777D4-0C91-4312-928C-B86AB951E63D}"
EndProject
Project("{9A19103F-16F7-4668-BE54-9A1E7A4F7556}") = "Ezrie.AccountManagement.STS", "apps\Ezrie.AccountManagement\src\Ezrie.AccountManagement.STS\Ezrie.AccountManagement.STS.csproj", "{96A60A90-8139-4339-B413-B77258E5E942}"
EndProject
Project("{2150E333-8FDC-42A3-9474-1A3956D46DE8}") = "Ezrie.Admin", "Ezrie.Admin", "{2B2F278E-476C-41A7-A739-3475ECFE854D}"
EndProject
Project("{2150E333-8FDC-42A3-9474-1A3956D46DE8}") = "src", "src", "{EDAB0E4C-D781-444F-8D3A-1FF8672ECFF2}"
EndProject
Project("{9A19103F-16F7-4668-BE54-9A1E7A4F7556}") = "Ezrie.Admin.Application", "apps\Ezrie.Admin\src\Ezrie.Admin.Application\Ezrie.Admin.Application.csproj", "{D3C31915-01A1-4594-8638-72CF9E6FC851}"
EndProject
Project("{9A19103F-16F7-4668-BE54-9A1E7A4F7556}") = "Ezrie.Admin.Application.Contracts", "apps\Ezrie.Admin\src\Ezrie.Admin.Application.Contracts\Ezrie.Admin.Application.Contracts.csproj", "{3D9A211D-9FAF-4AE3-8157-8F65097524F8}"
EndProject
Project("{9A19103F-16F7-4668-BE54-9A1E7A4F7556}") = "Ezrie.Admin.Blazor", "apps\Ezrie.Admin\src\Ezrie.Admin.Blazor\Ezrie.Admin.Blazor.csproj", "{0A0F30D4-25DF-4508-8038-9A876026FE74}"
EndProject
Project("{9A19103F-16F7-4668-BE54-9A1E7A4F7556}") = "Ezrie.Admin.Domain", "apps\Ezrie.Admin\src\Ezrie.Admin.Domain\Ezrie.Admin.Domain.csproj", "{EA560136-2121-4862-B08F-76DCFE1E21C4}"
EndProject
Project("{9A19103F-16F7-4668-BE54-9A1E7A4F7556}") = "Ezrie.Admin.Domain.Shared", "apps\Ezrie.Admin\src\Ezrie.Admin.Domain.Shared\Ezrie.Admin.Domain.Shared.csproj", "{CFCD428B-6A24-4A5F-8B4B-96CF8178BB61}"
EndProject
Project("{9A19103F-16F7-4668-BE54-9A1E7A4F7556}") = "Ezrie.Admin.EntityFrameworkCore", "apps\Ezrie.Admin\src\Ezrie.Admin.EntityFrameworkCore\Ezrie.Admin.EntityFrameworkCore.csproj", "{0B1D2265-1DFE-49B5-B458-1FC5DF67A59E}"
EndProject
Project("{9A19103F-16F7-4668-BE54-9A1E7A4F7556}") = "Ezrie.Admin.HttpApi", "apps\Ezrie.Admin\src\Ezrie.Admin.HttpApi\Ezrie.Admin.HttpApi.csproj", "{65A3D207-723B-42CB-927A-7EC390DFAB17}"
EndProject
Project("{9A19103F-16F7-4668-BE54-9A1E7A4F7556}") = "Ezrie.Admin.HttpApi.Client", "apps\Ezrie.Admin\src\Ezrie.Admin.HttpApi.Client\Ezrie.Admin.HttpApi.Client.csproj", "{C733A71D-3BCB-4647-9ED3-A824522056CD}"
EndProject
Project("{9A19103F-16F7-4668-BE54-9A1E7A4F7556}") = "Ezrie.Admin.HttpApi.Host", "apps\Ezrie.Admin\src\Ezrie.Admin.HttpApi.Host\Ezrie.Admin.HttpApi.Host.csproj", "{5F8E15C7-D181-48BE-A9D8-C20F29FDF7B6}"
EndProject
Project("{9A19103F-16F7-4668-BE54-9A1E7A4F7556}") = "Ezrie.Admin.IdentityServer", "apps\Ezrie.Admin\src\Ezrie.Admin.IdentityServer\Ezrie.Admin.IdentityServer.csproj", "{6D19CAD5-B4F4-450E-83E8-9CC7CC82D652}"
EndProject
Project("{2150E333-8FDC-42A3-9474-1A3956D46DE8}") = "test", "test", "{E6907212-3B37-40CD-A5A3-D4552DEE057F}"
EndProject
Project("{9A19103F-16F7-4668-BE54-9A1E7A4F7556}") = "Ezrie.Admin.Application.Tests", "apps\Ezrie.Admin\test\Ezrie.Admin.Application.Tests\Ezrie.Admin.Application.Tests.csproj", "{D9976343-E4F1-4F42-9EE9-B4E3557389C3}"
EndProject
Project("{9A19103F-16F7-4668-BE54-9A1E7A4F7556}") = "Ezrie.Admin.Domain.Tests", "apps\Ezrie.Admin\test\Ezrie.Admin.Domain.Tests\Ezrie.Admin.Domain.Tests.csproj", "{FFC3604E-F38F-4DE1-847B-FF80CAA07950}"
EndProject
Project("{9A19103F-16F7-4668-BE54-9A1E7A4F7556}") = "Ezrie.Admin.EntityFrameworkCore.Tests", "apps\Ezrie.Admin\test\Ezrie.Admin.EntityFrameworkCore.Tests\Ezrie.Admin.EntityFrameworkCore.Tests.csproj", "{28F21398-49A0-4D80-B749-8FD35EE72BAD}"
EndProject
Project("{9A19103F-16F7-4668-BE54-9A1E7A4F7556}") = "Ezrie.Admin.HttpApi.Client.ConsoleTestApp", "apps\Ezrie.Admin\test\Ezrie.Admin.HttpApi.Client.ConsoleTestApp\Ezrie.Admin.HttpApi.Client.ConsoleTestApp.csproj", "{FD864B35-CEDF-479A-9A60-8EB5D5D4FB54}"
EndProject
Project("{9A19103F-16F7-4668-BE54-9A1E7A4F7556}") = "Ezrie.Admin.TestBase", "apps\Ezrie.Admin\test\Ezrie.Admin.TestBase\Ezrie.Admin.TestBase.csproj", "{1DCCCF83-CF57-4BB9-BC2A-1CB6F0A210FE}"
EndProject
Project("{2150E333-8FDC-42A3-9474-1A3956D46DE8}") = "Ezrie.CMS", "Ezrie.CMS", "{49762815-0F8C-402C-AB96-841CC7F0236F}"
EndProject
Project("{2150E333-8FDC-42A3-9474-1A3956D46DE8}") = "src", "src", "{8E5FD166-D025-4B36-B5B1-CA3FED659E4F}"
EndProject
Project("{9A19103F-16F7-4668-BE54-9A1E7A4F7556}") = "Ezrie.CMS", "apps\Ezrie.CMS\src\Ezrie.CMS\Ezrie.CMS.csproj", "{2A6CB125-A9A6-4988-B3A2-1B7841C6FFD6}"
EndProject
Project("{2150E333-8FDC-42A3-9474-1A3956D46DE8}") = "gateways", "gateways", "{08FBFE93-B163-4F07-8580-7003829EA486}"
EndProject
Project("{9A19103F-16F7-4668-BE54-9A1E7A4F7556}") = "Ezrie.Gateway.Public", "gateways\Ezrie.Gateway.Public\Ezrie.Gateway.Public.csproj", "{4A34F8B6-4EB9-41DE-8F86-5D95C399BBAF}"
EndProject
Project("{2150E333-8FDC-42A3-9474-1A3956D46DE8}") = "services", "services", "{5CC7C125-07A2-4089-94CA-C8FFEAE804FC}"
EndProject
Project("{2150E333-8FDC-42A3-9474-1A3956D46DE8}") = "Ezrie.AdministrationService", "Ezrie.AdministrationService", "{8C3BF23D-CA00-43B8-8EDB-9E75AC067FB8}"
EndProject
Project("{2150E333-8FDC-42A3-9474-1A3956D46DE8}") = "host", "host", "{A124CE9B-BB86-4A2D-83FE-F7AD498B5237}"
EndProject
Project("{9A19103F-16F7-4668-BE54-9A1E7A4F7556}") = "Ezrie.AdministrationService.Blazor.Host", "services\Ezrie.AdministrationService\host\Ezrie.AdministrationService.Blazor.Host\Ezrie.AdministrationService.Blazor.Host.csproj", "{DB0897F3-8BBB-4C64-AFCE-1B5BCC0A90AE}"
EndProject
Project("{9A19103F-16F7-4668-BE54-9A1E7A4F7556}") = "Ezrie.AdministrationService.HttpApi.Host", "services\Ezrie.AdministrationService\host\Ezrie.AdministrationService.HttpApi.Host\Ezrie.AdministrationService.HttpApi.Host.csproj", "{1CFD6F24-13A7-4CC4-975B-91DC03BB7D99}"
EndProject
Project("{2150E333-8FDC-42A3-9474-1A3956D46DE8}") = "src", "src", "{B7FF9B2A-A868-4FF8-8460-2047A2331533}"
EndProject
Project("{9A19103F-16F7-4668-BE54-9A1E7A4F7556}") = "Ezrie.AdministrationService.Application", "services\Ezrie.AdministrationService\src\Ezrie.AdministrationService.Application\Ezrie.AdministrationService.Application.csproj", "{111A4944-B690-4372-993D-848ACB24299B}"
EndProject
Project("{9A19103F-16F7-4668-BE54-9A1E7A4F7556}") = "Ezrie.AdministrationService.Application.Contracts", "services\Ezrie.AdministrationService\src\Ezrie.AdministrationService.Application.Contracts\Ezrie.AdministrationService.Application.Contracts.csproj", "{88B92C53-2388-48D4-8C62-E0C80C937D68}"
EndProject
Project("{9A19103F-16F7-4668-BE54-9A1E7A4F7556}") = "Ezrie.AdministrationService.Blazor", "services\Ezrie.AdministrationService\src\Ezrie.AdministrationService.Blazor\Ezrie.AdministrationService.Blazor.csproj", "{2DADD30C-606C-4AB2-8054-D1959C69760F}"
EndProject
Project("{9A19103F-16F7-4668-BE54-9A1E7A4F7556}") = "Ezrie.AdministrationService.Blazor.Server", "services\Ezrie.AdministrationService\src\Ezrie.AdministrationService.Blazor.Server\Ezrie.AdministrationService.Blazor.Server.csproj", "{15FDB81F-0E63-4D48-AD49-9288F121F3B5}"
EndProject
Project("{9A19103F-16F7-4668-BE54-9A1E7A4F7556}") = "Ezrie.AdministrationService.Blazor.WebAssembly", "services\Ezrie.AdministrationService\src\Ezrie.AdministrationService.Blazor.WebAssembly\Ezrie.AdministrationService.Blazor.WebAssembly.csproj", "{B243EAFD-E651-463B-9D63-C48BC9B9D8A6}"
EndProject
Project("{9A19103F-16F7-4668-BE54-9A1E7A4F7556}") = "Ezrie.AdministrationService.Domain", "services\Ezrie.AdministrationService\src\Ezrie.AdministrationService.Domain\Ezrie.AdministrationService.Domain.csproj", "{D1AB9E2E-93CB-4440-A1B1-1A0D9A97F417}"
EndProject
Project("{9A19103F-16F7-4668-BE54-9A1E7A4F7556}") = "Ezrie.AdministrationService.Domain.Shared", "services\Ezrie.AdministrationService\src\Ezrie.AdministrationService.Domain.Shared\Ezrie.AdministrationService.Domain.Shared.csproj", "{FD87106B-2535-4EFE-B01F-FD90D94200D6}"
EndProject
Project("{9A19103F-16F7-4668-BE54-9A1E7A4F7556}") = "Ezrie.AdministrationService.EntityFrameworkCore", "services\Ezrie.AdministrationService\src\Ezrie.AdministrationService.EntityFrameworkCore\Ezrie.AdministrationService.EntityFrameworkCore.csproj", "{A6897515-F0E2-4EE3-B8B3-6B4C2322FC59}"
EndProject
Project("{9A19103F-16F7-4668-BE54-9A1E7A4F7556}") = "Ezrie.AdministrationService.EntityFrameworkCore.Migrations", "services\Ezrie.AdministrationService\src\Ezrie.AdministrationService.EntityFrameworkCore.Migrations\Ezrie.AdministrationService.EntityFrameworkCore.Migrations.csproj", "{9AFAAA47-5211-43FF-A0C1-EB0B54D78530}"
EndProject
Project("{9A19103F-16F7-4668-BE54-9A1E7A4F7556}") = "Ezrie.AdministrationService.HttpApi", "services\Ezrie.AdministrationService\src\Ezrie.AdministrationService.HttpApi\Ezrie.AdministrationService.HttpApi.csproj", "{94463D80-B0AF-4E28-948C-7AA9C352CC46}"
EndProject
Project("{9A19103F-16F7-4668-BE54-9A1E7A4F7556}") = "Ezrie.AdministrationService.HttpApi.Client", "services\Ezrie.AdministrationService\src\Ezrie.AdministrationService.HttpApi.Client\Ezrie.AdministrationService.HttpApi.Client.csproj", "{DA920700-670C-41B9-A217-608018A08874}"
EndProject
Project("{2150E333-8FDC-42A3-9474-1A3956D46DE8}") = "test", "test", "{3051A756-F19A-4F65-B9C3-BC050563094D}"
EndProject
Project("{9A19103F-16F7-4668-BE54-9A1E7A4F7556}") = "Ezrie.AdministrationService.Application.Tests", "services\Ezrie.AdministrationService\test\Ezrie.AdministrationService.Application.Tests\Ezrie.AdministrationService.Application.Tests.csproj", "{EFDFEE29-9093-4915-B2DD-30BE13383E7A}"
EndProject
Project("{9A19103F-16F7-4668-BE54-9A1E7A4F7556}") = "Ezrie.AdministrationService.Domain.Tests", "services\Ezrie.AdministrationService\test\Ezrie.AdministrationService.Domain.Tests\Ezrie.AdministrationService.Domain.Tests.csproj", "{8D633476-372F-4416-B8DE-61554970181C}"
EndProject
Project("{9A19103F-16F7-4668-BE54-9A1E7A4F7556}") = "Ezrie.AdministrationService.EntityFrameworkCore.Tests", "services\Ezrie.AdministrationService\test\Ezrie.AdministrationService.EntityFrameworkCore.Tests\Ezrie.AdministrationService.EntityFrameworkCore.Tests.csproj", "{79128CA0-E439-425B-8A6D-C2106AB22344}"
EndProject
Project("{9A19103F-16F7-4668-BE54-9A1E7A4F7556}") = "Ezrie.AdministrationService.HttpApi.Client.ConsoleTestApp", "services\Ezrie.AdministrationService\test\Ezrie.AdministrationService.HttpApi.Client.ConsoleTestApp\Ezrie.AdministrationService.HttpApi.Client.ConsoleTestApp.csproj", "{D63A6854-B942-4B0F-BCE0-02684D57C500}"
EndProject
Project("{9A19103F-16F7-4668-BE54-9A1E7A4F7556}") = "Ezrie.AdministrationService.TestBase", "services\Ezrie.AdministrationService\test\Ezrie.AdministrationService.TestBase\Ezrie.AdministrationService.TestBase.csproj", "{192D2552-F46D-4E11-A34D-DF3EF0782750}"
EndProject
Project("{2150E333-8FDC-42A3-9474-1A3956D46DE8}") = "Ezrie.IdentityService", "Ezrie.IdentityService", "{9FE72E86-5900-4C15-9A36-B330532E2964}"
EndProject
Project("{2150E333-8FDC-42A3-9474-1A3956D46DE8}") = "host", "host", "{ADE26A71-FA97-4917-865C-3660B4332154}"
EndProject
Project("{9A19103F-16F7-4668-BE54-9A1E7A4F7556}") = "Ezrie.IdentityService.Blazor.Host", "services\Ezrie.IdentityService\host\Ezrie.IdentityService.Blazor.Host\Ezrie.IdentityService.Blazor.Host.csproj", "{0D140EE6-6951-46FA-B8D3-7DB726BA4C9C}"
EndProject
Project("{9A19103F-16F7-4668-BE54-9A1E7A4F7556}") = "Ezrie.IdentityService.HttpApi.Host", "services\Ezrie.IdentityService\host\Ezrie.IdentityService.HttpApi.Host\Ezrie.IdentityService.HttpApi.Host.csproj", "{7588C033-A8C5-4E8D-91F2-E6AF7395DDF5}"
EndProject
Project("{2150E333-8FDC-42A3-9474-1A3956D46DE8}") = "src", "src", "{9F6D5F76-A439-4F05-BB6F-21DBFB5075E0}"
EndProject
Project("{9A19103F-16F7-4668-BE54-9A1E7A4F7556}") = "Ezrie.IdentityService.Application", "services\Ezrie.IdentityService\src\Ezrie.IdentityService.Application\Ezrie.IdentityService.Application.csproj", "{2FB0BC2E-B4A9-42D3-A84B-F8BD0CFCB80F}"
EndProject
Project("{9A19103F-16F7-4668-BE54-9A1E7A4F7556}") = "Ezrie.IdentityService.Application.Contracts", "services\Ezrie.IdentityService\src\Ezrie.IdentityService.Application.Contracts\Ezrie.IdentityService.Application.Contracts.csproj", "{CE544BA5-2DDF-46FB-961D-D785842BBB24}"
EndProject
Project("{9A19103F-16F7-4668-BE54-9A1E7A4F7556}") = "Ezrie.IdentityService.AspNetCore", "services\Ezrie.IdentityService\src\Ezrie.IdentityService.AspNetCore\Ezrie.IdentityService.AspNetCore.csproj", "{8F7A0A60-C3EB-4A09-BD6A-0F99FE73D307}"
EndProject
Project("{9A19103F-16F7-4668-BE54-9A1E7A4F7556}") = "Ezrie.IdentityService.Blazor", "services\Ezrie.IdentityService\src\Ezrie.IdentityService.Blazor\Ezrie.IdentityService.Blazor.csproj", "{C336824F-6ADF-452B-A736-2253B9BF43B5}"
EndProject
Project("{9A19103F-16F7-4668-BE54-9A1E7A4F7556}") = "Ezrie.IdentityService.Blazor.WebAssembly", "services\Ezrie.IdentityService\src\Ezrie.IdentityService.Blazor.WebAssembly\Ezrie.IdentityService.Blazor.WebAssembly.csproj", "{F0D6A889-8CEC-40B6-A80E-2E78C431739C}"
EndProject
Project("{9A19103F-16F7-4668-BE54-9A1E7A4F7556}") = "Ezrie.IdentityService.Domain", "services\Ezrie.IdentityService\src\Ezrie.IdentityService.Domain\Ezrie.IdentityService.Domain.csproj", "{C31337E8-EFAE-4278-8FE3-7197904E9883}"
EndProject
Project("{9A19103F-16F7-4668-BE54-9A1E7A4F7556}") = "Ezrie.IdentityService.Domain.Shared", "services\Ezrie.IdentityService\src\Ezrie.IdentityService.Domain.Shared\Ezrie.IdentityService.Domain.Shared.csproj", "{8EA79F51-0ECA-49E5-AF2F-A7F3B457BF90}"
EndProject
Project("{9A19103F-16F7-4668-BE54-9A1E7A4F7556}") = "Ezrie.IdentityService.EntityFrameworkCore", "services\Ezrie.IdentityService\src\Ezrie.IdentityService.EntityFrameworkCore\Ezrie.IdentityService.EntityFrameworkCore.csproj", "{245A60F4-07BD-44F1-B61C-6BDD476E2ABA}"
EndProject
Project("{9A19103F-16F7-4668-BE54-9A1E7A4F7556}") = "Ezrie.IdentityService.EntityFrameworkCore.Migrations", "services\Ezrie.IdentityService\src\Ezrie.IdentityService.EntityFrameworkCore.Migrations\Ezrie.IdentityService.EntityFrameworkCore.Migrations.csproj", "{572D84D7-DE8B-4257-83CB-F2AE391E5F04}"
EndProject
Project("{9A19103F-16F7-4668-BE54-9A1E7A4F7556}") = "Ezrie.IdentityService.HttpApi", "services\Ezrie.IdentityService\src\Ezrie.IdentityService.HttpApi\Ezrie.IdentityService.HttpApi.csproj", "{87CE806F-17B6-4A5E-975F-4FC46A3A947F}"
EndProject
Project("{9A19103F-16F7-4668-BE54-9A1E7A4F7556}") = "Ezrie.IdentityService.HttpApi.Client", "services\Ezrie.IdentityService\src\Ezrie.IdentityService.HttpApi.Client\Ezrie.IdentityService.HttpApi.Client.csproj", "{8CA4CADF-3A19-4A1C-9E52-0D681C967596}"
EndProject
Project("{2150E333-8FDC-42A3-9474-1A3956D46DE8}") = "test", "test", "{6C4BECB3-BA11-4397-958A-2A6108646437}"
EndProject
Project("{9A19103F-16F7-4668-BE54-9A1E7A4F7556}") = "Ezrie.IdentityService.Application.Tests", "services\Ezrie.IdentityService\test\Ezrie.IdentityService.Application.Tests\Ezrie.IdentityService.Application.Tests.csproj", "{D48A5E14-5318-4074-ACB5-85BE8A790B4F}"
EndProject
Project("{9A19103F-16F7-4668-BE54-9A1E7A4F7556}") = "Ezrie.IdentityService.Domain.Tests", "services\Ezrie.IdentityService\test\Ezrie.IdentityService.Domain.Tests\Ezrie.IdentityService.Domain.Tests.csproj", "{76F685DD-990B-46D5-9015-2FE63CCAE998}"
EndProject
Project("{9A19103F-16F7-4668-BE54-9A1E7A4F7556}") = "Ezrie.IdentityService.EntityFrameworkCore.Tests", "services\Ezrie.IdentityService\test\Ezrie.IdentityService.EntityFrameworkCore.Tests\Ezrie.IdentityService.EntityFrameworkCore.Tests.csproj", "{D1FA6243-9B2E-4571-A921-C0A67FE58C0D}"
EndProject
Project("{9A19103F-16F7-4668-BE54-9A1E7A4F7556}") = "Ezrie.IdentityService.HttpApi.Client.ConsoleTestApp", "services\Ezrie.IdentityService\test\Ezrie.IdentityService.HttpApi.Client.ConsoleTestApp\Ezrie.IdentityService.HttpApi.Client.ConsoleTestApp.csproj", "{A9250AE4-0379-44A1-9CD1-454FB5F817F0}"
EndProject
Project("{9A19103F-16F7-4668-BE54-9A1E7A4F7556}") = "Ezrie.IdentityService.TestBase", "services\Ezrie.IdentityService\test\Ezrie.IdentityService.TestBase\Ezrie.IdentityService.TestBase.csproj", "{5EBF6978-E076-4BA7-BFD7-1EA705DE1828}"
EndProject
Project("{2150E333-8FDC-42A3-9474-1A3956D46DE8}") = "Ezrie.TenantService", "Ezrie.TenantService", "{DCC451FE-9691-4374-B94B-CC2EAAE5F0B2}"
EndProject
Project("{2150E333-8FDC-42A3-9474-1A3956D46DE8}") = "host", "host", "{1EF8DC82-6C53-4D2D-9CD6-26C4939DB7D6}"
EndProject
Project("{9A19103F-16F7-4668-BE54-9A1E7A4F7556}") = "Ezrie.TenantService.Blazor.Host", "services\Ezrie.TenantService\host\Ezrie.TenantService.Blazor.Host\Ezrie.TenantService.Blazor.Host.csproj", "{14EA2878-1CD8-4C21-BB50-B43BCCA12E42}"
EndProject
Project("{9A19103F-16F7-4668-BE54-9A1E7A4F7556}") = "Ezrie.TenantService.HttpApi.Host", "services\Ezrie.TenantService\host\Ezrie.TenantService.HttpApi.Host\Ezrie.TenantService.HttpApi.Host.csproj", "{2FAA5BFF-972A-4CC5-B28F-33B686DB8338}"
EndProject
Project("{2150E333-8FDC-42A3-9474-1A3956D46DE8}") = "src", "src", "{A8DA2428-3AFF-4732-9640-162F40F0C9C8}"
EndProject
Project("{9A19103F-16F7-4668-BE54-9A1E7A4F7556}") = "Ezrie.TenantService.Application", "services\Ezrie.TenantService\src\Ezrie.TenantService.Application\Ezrie.TenantService.Application.csproj", "{A851EBDB-A001-47EF-A3BB-B683B192815F}"
EndProject
Project("{9A19103F-16F7-4668-BE54-9A1E7A4F7556}") = "Ezrie.TenantService.Application.Contracts", "services\Ezrie.TenantService\src\Ezrie.TenantService.Application.Contracts\Ezrie.TenantService.Application.Contracts.csproj", "{98B2A644-020C-4ACA-B9F1-4E546CF2B87C}"
EndProject
Project("{9A19103F-16F7-4668-BE54-9A1E7A4F7556}") = "Ezrie.TenantService.Blazor", "services\Ezrie.TenantService\src\Ezrie.TenantService.Blazor\Ezrie.TenantService.Blazor.csproj", "{7F996A41-1E47-4EFE-B80B-D0E5450435BA}"
EndProject
Project("{9A19103F-16F7-4668-BE54-9A1E7A4F7556}") = "Ezrie.TenantService.Blazor.Server", "services\Ezrie.TenantService\src\Ezrie.TenantService.Blazor.Server\Ezrie.TenantService.Blazor.Server.csproj", "{58771182-0DB2-488D-9B04-BE5ECEA155D9}"
EndProject
Project("{9A19103F-16F7-4668-BE54-9A1E7A4F7556}") = "Ezrie.TenantService.Blazor.WebAssembly", "services\Ezrie.TenantService\src\Ezrie.TenantService.Blazor.WebAssembly\Ezrie.TenantService.Blazor.WebAssembly.csproj", "{BB71B37F-8553-490E-9AE8-2CAFCEAF6D3A}"
EndProject
Project("{9A19103F-16F7-4668-BE54-9A1E7A4F7556}") = "Ezrie.TenantService.Domain", "services\Ezrie.TenantService\src\Ezrie.TenantService.Domain\Ezrie.TenantService.Domain.csproj", "{EEC97456-7866-4951-972E-2697881F7CB7}"
EndProject
Project("{9A19103F-16F7-4668-BE54-9A1E7A4F7556}") = "Ezrie.TenantService.Domain.Shared", "services\Ezrie.TenantService\src\Ezrie.TenantService.Domain.Shared\Ezrie.TenantService.Domain.Shared.csproj", "{C009A6E4-B370-4242-BE35-C5E89582EB70}"
EndProject
Project("{9A19103F-16F7-4668-BE54-9A1E7A4F7556}") = "Ezrie.TenantService.EntityFrameworkCore", "services\Ezrie.TenantService\src\Ezrie.TenantService.EntityFrameworkCore\Ezrie.TenantService.EntityFrameworkCore.csproj", "{F7F0D94E-2169-4527-B9C8-32C4647B2D68}"
EndProject
Project("{9A19103F-16F7-4668-BE54-9A1E7A4F7556}") = "Ezrie.TenantService.EntityFrameworkCore.Migrations", "services\Ezrie.TenantService\src\Ezrie.TenantService.EntityFrameworkCore.Migrations\Ezrie.TenantService.EntityFrameworkCore.Migrations.csproj", "{60EB8890-9175-40C8-B11D-1B6EC27FA74D}"
EndProject
Project("{9A19103F-16F7-4668-BE54-9A1E7A4F7556}") = "Ezrie.TenantService.HttpApi", "services\Ezrie.TenantService\src\Ezrie.TenantService.HttpApi\Ezrie.TenantService.HttpApi.csproj", "{E5762351-77EB-4B07-954D-89C9F8C24836}"
EndProject
Project("{9A19103F-16F7-4668-BE54-9A1E7A4F7556}") = "Ezrie.TenantService.HttpApi.Client", "services\Ezrie.TenantService\src\Ezrie.TenantService.HttpApi.Client\Ezrie.TenantService.HttpApi.Client.csproj", "{70C6AA73-FAF8-453D-9FED-D411665B5B9C}"
EndProject
Project("{2150E333-8FDC-42A3-9474-1A3956D46DE8}") = "test", "test", "{88EE28C1-8284-4EA8-B565-DD8D23591755}"
EndProject
Project("{9A19103F-16F7-4668-BE54-9A1E7A4F7556}") = "Ezrie.TenantService.Application.Tests", "services\Ezrie.TenantService\test\Ezrie.TenantService.Application.Tests\Ezrie.TenantService.Application.Tests.csproj", "{72BAA0C1-D183-48F3-BCA3-750864D7BB8E}"
EndProject
Project("{9A19103F-16F7-4668-BE54-9A1E7A4F7556}") = "Ezrie.TenantService.Domain.Tests", "services\Ezrie.TenantService\test\Ezrie.TenantService.Domain.Tests\Ezrie.TenantService.Domain.Tests.csproj", "{0D914807-6F89-41E6-BCB3-0D817508E7D6}"
EndProject
Project("{9A19103F-16F7-4668-BE54-9A1E7A4F7556}") = "Ezrie.TenantService.EntityFrameworkCore.Tests", "services\Ezrie.TenantService\test\Ezrie.TenantService.EntityFrameworkCore.Tests\Ezrie.TenantService.EntityFrameworkCore.Tests.csproj", "{F7BD33C6-55BD-4180-BDCE-3704DFCB0507}"
EndProject
Project("{9A19103F-16F7-4668-BE54-9A1E7A4F7556}") = "Ezrie.TenantService.HttpApi.Client.ConsoleTestApp", "services\Ezrie.TenantService\test\Ezrie.TenantService.HttpApi.Client.ConsoleTestApp\Ezrie.TenantService.HttpApi.Client.ConsoleTestApp.csproj", "{0A1C156F-F6DF-4E17-BF05-419F59670C45}"
EndProject
Project("{9A19103F-16F7-4668-BE54-9A1E7A4F7556}") = "Ezrie.TenantService.TestBase", "services\Ezrie.TenantService\test\Ezrie.TenantService.TestBase\Ezrie.TenantService.TestBase.csproj", "{AAE2C837-6EE2-4CF1-9DB4-8EAADB85D2B6}"
EndProject
Project("{2150E333-8FDC-42A3-9474-1A3956D46DE8}") = "shared", "shared", "{A02D83E5-6D80-4B02-8B5A-AC83A00EDA43}"
EndProject
Project("{2150E333-8FDC-42A3-9474-1A3956D46DE8}") = "src", "src", "{024A9E05-658D-4EF0-9F10-FA572EFC11AF}"
EndProject
Project("{9A19103F-16F7-4668-BE54-9A1E7A4F7556}") = "Ezrie.Core", "shared\src\Ezrie.Core\Ezrie.Core.csproj", "{05A5CF44-B888-42CD-82CC-13930D20D1F1}"
EndProject
Project("{9A19103F-16F7-4668-BE54-9A1E7A4F7556}") = "Ezrie.DbMigrator", "shared\src\Ezrie.DbMigrator\Ezrie.DbMigrator.csproj", "{F58ECF8E-C26B-412F-AFB4-FD9C160C0315}"
EndProject
Project("{9A19103F-16F7-4668-BE54-9A1E7A4F7556}") = "Ezrie.Domain", "shared\src\Ezrie.Domain\Ezrie.Domain.csproj", "{FC894C8E-B71A-4C52-AD6D-F2A00DF54A8A}"
EndProject
Project("{9A19103F-16F7-4668-BE54-9A1E7A4F7556}") = "Ezrie.Domain.Shared", "shared\src\Ezrie.Domain.Shared\Ezrie.Domain.Shared.csproj", "{D985D2E2-4489-4F4A-AD04-F1298317F7F5}"
EndProject
Project("{9A19103F-16F7-4668-BE54-9A1E7A4F7556}") = "Ezrie.EntityFrameworkCore", "shared\src\Ezrie.EntityFrameworkCore\Ezrie.EntityFrameworkCore.csproj", "{69AB0F69-8D52-4E29-A470-60032F625467}"
EndProject
Project("{9A19103F-16F7-4668-BE54-9A1E7A4F7556}") = "Ezrie.EntityFrameworkCore.Migrations", "shared\src\Ezrie.EntityFrameworkCore.Migrations\Ezrie.EntityFrameworkCore.Migrations.csproj", "{0168C6D0-EFE2-4BA4-81DF-CE7408CD7DCA}"
EndProject
Project("{9A19103F-16F7-4668-BE54-9A1E7A4F7556}") = "Ezrie.Hosting", "shared\src\Ezrie.Hosting\Ezrie.Hosting.csproj", "{EEB46A17-4560-4BF5-8046-78AEC934E884}"
EndProject
Project("{9A19103F-16F7-4668-BE54-9A1E7A4F7556}") = "Ezrie.Hosting.AspNetCore", "shared\src\Ezrie.Hosting.AspNetCore\Ezrie.Hosting.AspNetCore.csproj", "{032A4214-9518-43D4-90A9-062C97AF5A72}"
EndProject
Project("{9A19103F-16F7-4668-BE54-9A1E7A4F7556}") = "Ezrie.Hosting.Gateways", "shared\src\Ezrie.Hosting.Gateways\Ezrie.Hosting.Gateways.csproj", "{1202785D-3174-4CDD-91B1-75C9ECBF9F99}"
EndProject
Project("{9A19103F-16F7-4668-BE54-9A1E7A4F7556}") = "Ezrie.Hosting.Microservices", "shared\src\Ezrie.Hosting.Microservices\Ezrie.Hosting.Microservices.csproj", "{0B8B49C9-39C1-4FA5-90CB-6F3BA8846E37}"
EndProject
Project("{9A19103F-16F7-4668-BE54-9A1E7A4F7556}") = "Ezrie.Localization", "shared\src\Ezrie.Localization\Ezrie.Localization.csproj", "{D2FD1F01-CFF3-4169-93D4-E10914CCE8EC}"
EndProject
Project("{9A19103F-16F7-4668-BE54-9A1E7A4F7556}") = "Ezrie.Logging", "shared\src\Ezrie.Logging\Ezrie.Logging.csproj", "{E6F1AB95-9EC8-4E3F-BF1F-808754D5C33D}"
EndProject
Project("{9A19103F-16F7-4668-BE54-9A1E7A4F7556}") = "Ezrie.Logging.WebAssembly", "shared\src\Ezrie.Logging.WebAssembly\Ezrie.Logging.WebAssembly.csproj", "{FB733F02-C212-4F19-BC8A-7CD4A0F52F42}"
EndProject
Project("{2150E333-8FDC-42A3-9474-1A3956D46DE8}") = "test", "test", "{505F857D-C902-4499-AF99-3B8F0256CDAE}"
EndProject
Project("{9A19103F-16F7-4668-BE54-9A1E7A4F7556}") = "Ezrie.Domain.Tests", "shared\test\Ezrie.Domain.Tests\Ezrie.Domain.Tests.csproj", "{DAD494B1-F4D0-4EF9-8E0F-F9609F4E0F54}"
EndProject
Project("{9A19103F-16F7-4668-BE54-9A1E7A4F7556}") = "Ezrie.TestBase", "shared\test\Ezrie.TestBase\Ezrie.TestBase.csproj", "{D636FFA5-0EA2-4CC9-8F1B-C426B242F8BE}"
EndProject
Project("{9A19103F-16F7-4668-BE54-9A1E7A4F7556}") = "Ezrie.TestBase.EntityFrameworkCore", "shared\test\Ezrie.TestBase.EntityFrameworkCore\Ezrie.TestBase.EntityFrameworkCore.csproj", "{D7AF6AE7-D689-4628-AE9D-F29849B57684}"
EndProject
Project("{FAE04EC0-301F-11D3-BF4B-00C04F79EFBC}") = "Ezrie.Admin.EntityFrameworkCore.Migrations", "apps\Ezrie.Admin\src\Ezrie.Admin.EntityFrameworkCore.Migrations\Ezrie.Admin.EntityFrameworkCore.Migrations.csproj", "{260F434D-1CF1-4098-802C-DB239F62FB54}"
EndProject
Project("{2150E333-8FDC-42A3-9474-1A3956D46DE8}") = "Solution Items", "Solution Items", "{D1B4E9E4-513C-4319-B5B4-703698D5A83C}"
	ProjectSection(SolutionItems) = preProject
		.dockerignore = .dockerignore
		.editorconfig = .editorconfig
		.gitattributes = .gitattributes
		.gitignore = .gitignore
		common.build.props = common.build.props
		common.props = common.props
		common.test.props = common.test.props
		Directory.Build.props = Directory.Build.props
		docker-compose-infrastructure.yml = docker-compose-infrastructure.yml
		docker-compose.yml = docker-compose.yml
		Ezrie.sln.licenseheader = Ezrie.sln.licenseheader
		LICENSE.md = LICENSE.md
		New-Migration.ps1 = New-Migration.ps1
		README.md = README.md
		reset.ps1 = reset.ps1
		start.ps1 = start.ps1
		tempkey.jwk = tempkey.jwk
		tye.yaml = tye.yaml
	EndProjectSection
EndProject
Global
	GlobalSection(SolutionConfigurationPlatforms) = preSolution
		Debug|Any CPU = Debug|Any CPU
		Release|Any CPU = Release|Any CPU
	EndGlobalSection
	GlobalSection(ProjectConfigurationPlatforms) = postSolution
		{8D319689-1590-40B5-8232-E464A4EF3F8B}.Debug|Any CPU.ActiveCfg = Debug|Any CPU
		{8D319689-1590-40B5-8232-E464A4EF3F8B}.Debug|Any CPU.Build.0 = Debug|Any CPU
		{8D319689-1590-40B5-8232-E464A4EF3F8B}.Release|Any CPU.ActiveCfg = Release|Any CPU
		{8D319689-1590-40B5-8232-E464A4EF3F8B}.Release|Any CPU.Build.0 = Release|Any CPU
		{F7990A24-98A7-49B2-87C3-C8344D76E25B}.Debug|Any CPU.ActiveCfg = Debug|Any CPU
		{F7990A24-98A7-49B2-87C3-C8344D76E25B}.Debug|Any CPU.Build.0 = Debug|Any CPU
		{F7990A24-98A7-49B2-87C3-C8344D76E25B}.Release|Any CPU.ActiveCfg = Release|Any CPU
		{F7990A24-98A7-49B2-87C3-C8344D76E25B}.Release|Any CPU.Build.0 = Release|Any CPU
		{9FA98729-FC37-4406-8C08-33E2C2ABA033}.Debug|Any CPU.ActiveCfg = Debug|Any CPU
		{9FA98729-FC37-4406-8C08-33E2C2ABA033}.Debug|Any CPU.Build.0 = Debug|Any CPU
		{9FA98729-FC37-4406-8C08-33E2C2ABA033}.Release|Any CPU.ActiveCfg = Release|Any CPU
		{9FA98729-FC37-4406-8C08-33E2C2ABA033}.Release|Any CPU.Build.0 = Release|Any CPU
		{816BFB2F-1EC7-4EBA-BEEC-F338173406CB}.Debug|Any CPU.ActiveCfg = Debug|Any CPU
		{816BFB2F-1EC7-4EBA-BEEC-F338173406CB}.Debug|Any CPU.Build.0 = Debug|Any CPU
		{816BFB2F-1EC7-4EBA-BEEC-F338173406CB}.Release|Any CPU.ActiveCfg = Release|Any CPU
		{816BFB2F-1EC7-4EBA-BEEC-F338173406CB}.Release|Any CPU.Build.0 = Release|Any CPU
		{A49F63D6-C18B-4CAC-8642-87D4E4AA8074}.Debug|Any CPU.ActiveCfg = Debug|Any CPU
		{A49F63D6-C18B-4CAC-8642-87D4E4AA8074}.Debug|Any CPU.Build.0 = Debug|Any CPU
		{A49F63D6-C18B-4CAC-8642-87D4E4AA8074}.Release|Any CPU.ActiveCfg = Release|Any CPU
		{A49F63D6-C18B-4CAC-8642-87D4E4AA8074}.Release|Any CPU.Build.0 = Release|Any CPU
		{9DFE853D-48A2-49EC-8D9E-311481E18D45}.Debug|Any CPU.ActiveCfg = Debug|Any CPU
		{9DFE853D-48A2-49EC-8D9E-311481E18D45}.Debug|Any CPU.Build.0 = Debug|Any CPU
		{9DFE853D-48A2-49EC-8D9E-311481E18D45}.Release|Any CPU.ActiveCfg = Release|Any CPU
		{9DFE853D-48A2-49EC-8D9E-311481E18D45}.Release|Any CPU.Build.0 = Release|Any CPU
		{C59A402A-032F-4443-ACDB-BE0C00A29979}.Debug|Any CPU.ActiveCfg = Debug|Any CPU
		{C59A402A-032F-4443-ACDB-BE0C00A29979}.Debug|Any CPU.Build.0 = Debug|Any CPU
		{C59A402A-032F-4443-ACDB-BE0C00A29979}.Release|Any CPU.ActiveCfg = Release|Any CPU
		{C59A402A-032F-4443-ACDB-BE0C00A29979}.Release|Any CPU.Build.0 = Release|Any CPU
		{521777D4-0C91-4312-928C-B86AB951E63D}.Debug|Any CPU.ActiveCfg = Debug|Any CPU
		{521777D4-0C91-4312-928C-B86AB951E63D}.Debug|Any CPU.Build.0 = Debug|Any CPU
		{521777D4-0C91-4312-928C-B86AB951E63D}.Release|Any CPU.ActiveCfg = Release|Any CPU
		{521777D4-0C91-4312-928C-B86AB951E63D}.Release|Any CPU.Build.0 = Release|Any CPU
		{96A60A90-8139-4339-B413-B77258E5E942}.Debug|Any CPU.ActiveCfg = Debug|Any CPU
		{96A60A90-8139-4339-B413-B77258E5E942}.Debug|Any CPU.Build.0 = Debug|Any CPU
		{96A60A90-8139-4339-B413-B77258E5E942}.Release|Any CPU.ActiveCfg = Release|Any CPU
		{96A60A90-8139-4339-B413-B77258E5E942}.Release|Any CPU.Build.0 = Release|Any CPU
		{D3C31915-01A1-4594-8638-72CF9E6FC851}.Debug|Any CPU.ActiveCfg = Debug|Any CPU
		{D3C31915-01A1-4594-8638-72CF9E6FC851}.Debug|Any CPU.Build.0 = Debug|Any CPU
		{D3C31915-01A1-4594-8638-72CF9E6FC851}.Release|Any CPU.ActiveCfg = Release|Any CPU
		{D3C31915-01A1-4594-8638-72CF9E6FC851}.Release|Any CPU.Build.0 = Release|Any CPU
		{3D9A211D-9FAF-4AE3-8157-8F65097524F8}.Debug|Any CPU.ActiveCfg = Debug|Any CPU
		{3D9A211D-9FAF-4AE3-8157-8F65097524F8}.Debug|Any CPU.Build.0 = Debug|Any CPU
		{3D9A211D-9FAF-4AE3-8157-8F65097524F8}.Release|Any CPU.ActiveCfg = Release|Any CPU
		{3D9A211D-9FAF-4AE3-8157-8F65097524F8}.Release|Any CPU.Build.0 = Release|Any CPU
		{0A0F30D4-25DF-4508-8038-9A876026FE74}.Debug|Any CPU.ActiveCfg = Debug|Any CPU
		{0A0F30D4-25DF-4508-8038-9A876026FE74}.Debug|Any CPU.Build.0 = Debug|Any CPU
		{0A0F30D4-25DF-4508-8038-9A876026FE74}.Release|Any CPU.ActiveCfg = Release|Any CPU
		{0A0F30D4-25DF-4508-8038-9A876026FE74}.Release|Any CPU.Build.0 = Release|Any CPU
		{EA560136-2121-4862-B08F-76DCFE1E21C4}.Debug|Any CPU.ActiveCfg = Debug|Any CPU
		{EA560136-2121-4862-B08F-76DCFE1E21C4}.Debug|Any CPU.Build.0 = Debug|Any CPU
		{EA560136-2121-4862-B08F-76DCFE1E21C4}.Release|Any CPU.ActiveCfg = Release|Any CPU
		{EA560136-2121-4862-B08F-76DCFE1E21C4}.Release|Any CPU.Build.0 = Release|Any CPU
		{CFCD428B-6A24-4A5F-8B4B-96CF8178BB61}.Debug|Any CPU.ActiveCfg = Debug|Any CPU
		{CFCD428B-6A24-4A5F-8B4B-96CF8178BB61}.Debug|Any CPU.Build.0 = Debug|Any CPU
		{CFCD428B-6A24-4A5F-8B4B-96CF8178BB61}.Release|Any CPU.ActiveCfg = Release|Any CPU
		{CFCD428B-6A24-4A5F-8B4B-96CF8178BB61}.Release|Any CPU.Build.0 = Release|Any CPU
		{0B1D2265-1DFE-49B5-B458-1FC5DF67A59E}.Debug|Any CPU.ActiveCfg = Debug|Any CPU
		{0B1D2265-1DFE-49B5-B458-1FC5DF67A59E}.Debug|Any CPU.Build.0 = Debug|Any CPU
		{0B1D2265-1DFE-49B5-B458-1FC5DF67A59E}.Release|Any CPU.ActiveCfg = Release|Any CPU
		{0B1D2265-1DFE-49B5-B458-1FC5DF67A59E}.Release|Any CPU.Build.0 = Release|Any CPU
		{65A3D207-723B-42CB-927A-7EC390DFAB17}.Debug|Any CPU.ActiveCfg = Debug|Any CPU
		{65A3D207-723B-42CB-927A-7EC390DFAB17}.Debug|Any CPU.Build.0 = Debug|Any CPU
		{65A3D207-723B-42CB-927A-7EC390DFAB17}.Release|Any CPU.ActiveCfg = Release|Any CPU
		{65A3D207-723B-42CB-927A-7EC390DFAB17}.Release|Any CPU.Build.0 = Release|Any CPU
		{C733A71D-3BCB-4647-9ED3-A824522056CD}.Debug|Any CPU.ActiveCfg = Debug|Any CPU
		{C733A71D-3BCB-4647-9ED3-A824522056CD}.Debug|Any CPU.Build.0 = Debug|Any CPU
		{C733A71D-3BCB-4647-9ED3-A824522056CD}.Release|Any CPU.ActiveCfg = Release|Any CPU
		{C733A71D-3BCB-4647-9ED3-A824522056CD}.Release|Any CPU.Build.0 = Release|Any CPU
		{5F8E15C7-D181-48BE-A9D8-C20F29FDF7B6}.Debug|Any CPU.ActiveCfg = Debug|Any CPU
		{5F8E15C7-D181-48BE-A9D8-C20F29FDF7B6}.Debug|Any CPU.Build.0 = Debug|Any CPU
		{5F8E15C7-D181-48BE-A9D8-C20F29FDF7B6}.Release|Any CPU.ActiveCfg = Release|Any CPU
		{5F8E15C7-D181-48BE-A9D8-C20F29FDF7B6}.Release|Any CPU.Build.0 = Release|Any CPU
		{6D19CAD5-B4F4-450E-83E8-9CC7CC82D652}.Debug|Any CPU.ActiveCfg = Debug|Any CPU
		{6D19CAD5-B4F4-450E-83E8-9CC7CC82D652}.Debug|Any CPU.Build.0 = Debug|Any CPU
		{6D19CAD5-B4F4-450E-83E8-9CC7CC82D652}.Release|Any CPU.ActiveCfg = Release|Any CPU
		{6D19CAD5-B4F4-450E-83E8-9CC7CC82D652}.Release|Any CPU.Build.0 = Release|Any CPU
		{D9976343-E4F1-4F42-9EE9-B4E3557389C3}.Debug|Any CPU.ActiveCfg = Debug|Any CPU
		{D9976343-E4F1-4F42-9EE9-B4E3557389C3}.Debug|Any CPU.Build.0 = Debug|Any CPU
		{D9976343-E4F1-4F42-9EE9-B4E3557389C3}.Release|Any CPU.ActiveCfg = Release|Any CPU
		{D9976343-E4F1-4F42-9EE9-B4E3557389C3}.Release|Any CPU.Build.0 = Release|Any CPU
		{FFC3604E-F38F-4DE1-847B-FF80CAA07950}.Debug|Any CPU.ActiveCfg = Debug|Any CPU
		{FFC3604E-F38F-4DE1-847B-FF80CAA07950}.Debug|Any CPU.Build.0 = Debug|Any CPU
		{FFC3604E-F38F-4DE1-847B-FF80CAA07950}.Release|Any CPU.ActiveCfg = Release|Any CPU
		{FFC3604E-F38F-4DE1-847B-FF80CAA07950}.Release|Any CPU.Build.0 = Release|Any CPU
		{28F21398-49A0-4D80-B749-8FD35EE72BAD}.Debug|Any CPU.ActiveCfg = Debug|Any CPU
		{28F21398-49A0-4D80-B749-8FD35EE72BAD}.Debug|Any CPU.Build.0 = Debug|Any CPU
		{28F21398-49A0-4D80-B749-8FD35EE72BAD}.Release|Any CPU.ActiveCfg = Release|Any CPU
		{28F21398-49A0-4D80-B749-8FD35EE72BAD}.Release|Any CPU.Build.0 = Release|Any CPU
		{FD864B35-CEDF-479A-9A60-8EB5D5D4FB54}.Debug|Any CPU.ActiveCfg = Debug|Any CPU
		{FD864B35-CEDF-479A-9A60-8EB5D5D4FB54}.Debug|Any CPU.Build.0 = Debug|Any CPU
		{FD864B35-CEDF-479A-9A60-8EB5D5D4FB54}.Release|Any CPU.ActiveCfg = Release|Any CPU
		{FD864B35-CEDF-479A-9A60-8EB5D5D4FB54}.Release|Any CPU.Build.0 = Release|Any CPU
		{1DCCCF83-CF57-4BB9-BC2A-1CB6F0A210FE}.Debug|Any CPU.ActiveCfg = Debug|Any CPU
		{1DCCCF83-CF57-4BB9-BC2A-1CB6F0A210FE}.Debug|Any CPU.Build.0 = Debug|Any CPU
		{1DCCCF83-CF57-4BB9-BC2A-1CB6F0A210FE}.Release|Any CPU.ActiveCfg = Release|Any CPU
		{1DCCCF83-CF57-4BB9-BC2A-1CB6F0A210FE}.Release|Any CPU.Build.0 = Release|Any CPU
		{2A6CB125-A9A6-4988-B3A2-1B7841C6FFD6}.Debug|Any CPU.ActiveCfg = Debug|Any CPU
		{2A6CB125-A9A6-4988-B3A2-1B7841C6FFD6}.Debug|Any CPU.Build.0 = Debug|Any CPU
		{2A6CB125-A9A6-4988-B3A2-1B7841C6FFD6}.Release|Any CPU.ActiveCfg = Release|Any CPU
		{2A6CB125-A9A6-4988-B3A2-1B7841C6FFD6}.Release|Any CPU.Build.0 = Release|Any CPU
		{4A34F8B6-4EB9-41DE-8F86-5D95C399BBAF}.Debug|Any CPU.ActiveCfg = Debug|Any CPU
		{4A34F8B6-4EB9-41DE-8F86-5D95C399BBAF}.Debug|Any CPU.Build.0 = Debug|Any CPU
		{4A34F8B6-4EB9-41DE-8F86-5D95C399BBAF}.Release|Any CPU.ActiveCfg = Release|Any CPU
		{4A34F8B6-4EB9-41DE-8F86-5D95C399BBAF}.Release|Any CPU.Build.0 = Release|Any CPU
		{DB0897F3-8BBB-4C64-AFCE-1B5BCC0A90AE}.Debug|Any CPU.ActiveCfg = Debug|Any CPU
		{DB0897F3-8BBB-4C64-AFCE-1B5BCC0A90AE}.Debug|Any CPU.Build.0 = Debug|Any CPU
		{DB0897F3-8BBB-4C64-AFCE-1B5BCC0A90AE}.Release|Any CPU.ActiveCfg = Release|Any CPU
		{DB0897F3-8BBB-4C64-AFCE-1B5BCC0A90AE}.Release|Any CPU.Build.0 = Release|Any CPU
		{1CFD6F24-13A7-4CC4-975B-91DC03BB7D99}.Debug|Any CPU.ActiveCfg = Debug|Any CPU
		{1CFD6F24-13A7-4CC4-975B-91DC03BB7D99}.Debug|Any CPU.Build.0 = Debug|Any CPU
		{1CFD6F24-13A7-4CC4-975B-91DC03BB7D99}.Release|Any CPU.ActiveCfg = Release|Any CPU
		{1CFD6F24-13A7-4CC4-975B-91DC03BB7D99}.Release|Any CPU.Build.0 = Release|Any CPU
		{111A4944-B690-4372-993D-848ACB24299B}.Debug|Any CPU.ActiveCfg = Debug|Any CPU
		{111A4944-B690-4372-993D-848ACB24299B}.Debug|Any CPU.Build.0 = Debug|Any CPU
		{111A4944-B690-4372-993D-848ACB24299B}.Release|Any CPU.ActiveCfg = Release|Any CPU
		{111A4944-B690-4372-993D-848ACB24299B}.Release|Any CPU.Build.0 = Release|Any CPU
		{88B92C53-2388-48D4-8C62-E0C80C937D68}.Debug|Any CPU.ActiveCfg = Debug|Any CPU
		{88B92C53-2388-48D4-8C62-E0C80C937D68}.Debug|Any CPU.Build.0 = Debug|Any CPU
		{88B92C53-2388-48D4-8C62-E0C80C937D68}.Release|Any CPU.ActiveCfg = Release|Any CPU
		{88B92C53-2388-48D4-8C62-E0C80C937D68}.Release|Any CPU.Build.0 = Release|Any CPU
		{2DADD30C-606C-4AB2-8054-D1959C69760F}.Debug|Any CPU.ActiveCfg = Debug|Any CPU
		{2DADD30C-606C-4AB2-8054-D1959C69760F}.Debug|Any CPU.Build.0 = Debug|Any CPU
		{2DADD30C-606C-4AB2-8054-D1959C69760F}.Release|Any CPU.ActiveCfg = Release|Any CPU
		{2DADD30C-606C-4AB2-8054-D1959C69760F}.Release|Any CPU.Build.0 = Release|Any CPU
		{15FDB81F-0E63-4D48-AD49-9288F121F3B5}.Debug|Any CPU.ActiveCfg = Debug|Any CPU
		{15FDB81F-0E63-4D48-AD49-9288F121F3B5}.Debug|Any CPU.Build.0 = Debug|Any CPU
		{15FDB81F-0E63-4D48-AD49-9288F121F3B5}.Release|Any CPU.ActiveCfg = Release|Any CPU
		{15FDB81F-0E63-4D48-AD49-9288F121F3B5}.Release|Any CPU.Build.0 = Release|Any CPU
		{B243EAFD-E651-463B-9D63-C48BC9B9D8A6}.Debug|Any CPU.ActiveCfg = Debug|Any CPU
		{B243EAFD-E651-463B-9D63-C48BC9B9D8A6}.Debug|Any CPU.Build.0 = Debug|Any CPU
		{B243EAFD-E651-463B-9D63-C48BC9B9D8A6}.Release|Any CPU.ActiveCfg = Release|Any CPU
		{B243EAFD-E651-463B-9D63-C48BC9B9D8A6}.Release|Any CPU.Build.0 = Release|Any CPU
		{D1AB9E2E-93CB-4440-A1B1-1A0D9A97F417}.Debug|Any CPU.ActiveCfg = Debug|Any CPU
		{D1AB9E2E-93CB-4440-A1B1-1A0D9A97F417}.Debug|Any CPU.Build.0 = Debug|Any CPU
		{D1AB9E2E-93CB-4440-A1B1-1A0D9A97F417}.Release|Any CPU.ActiveCfg = Release|Any CPU
		{D1AB9E2E-93CB-4440-A1B1-1A0D9A97F417}.Release|Any CPU.Build.0 = Release|Any CPU
		{FD87106B-2535-4EFE-B01F-FD90D94200D6}.Debug|Any CPU.ActiveCfg = Debug|Any CPU
		{FD87106B-2535-4EFE-B01F-FD90D94200D6}.Debug|Any CPU.Build.0 = Debug|Any CPU
		{FD87106B-2535-4EFE-B01F-FD90D94200D6}.Release|Any CPU.ActiveCfg = Release|Any CPU
		{FD87106B-2535-4EFE-B01F-FD90D94200D6}.Release|Any CPU.Build.0 = Release|Any CPU
		{A6897515-F0E2-4EE3-B8B3-6B4C2322FC59}.Debug|Any CPU.ActiveCfg = Debug|Any CPU
		{A6897515-F0E2-4EE3-B8B3-6B4C2322FC59}.Debug|Any CPU.Build.0 = Debug|Any CPU
		{A6897515-F0E2-4EE3-B8B3-6B4C2322FC59}.Release|Any CPU.ActiveCfg = Release|Any CPU
		{A6897515-F0E2-4EE3-B8B3-6B4C2322FC59}.Release|Any CPU.Build.0 = Release|Any CPU
		{9AFAAA47-5211-43FF-A0C1-EB0B54D78530}.Debug|Any CPU.ActiveCfg = Debug|Any CPU
		{9AFAAA47-5211-43FF-A0C1-EB0B54D78530}.Debug|Any CPU.Build.0 = Debug|Any CPU
		{9AFAAA47-5211-43FF-A0C1-EB0B54D78530}.Release|Any CPU.ActiveCfg = Release|Any CPU
		{9AFAAA47-5211-43FF-A0C1-EB0B54D78530}.Release|Any CPU.Build.0 = Release|Any CPU
		{94463D80-B0AF-4E28-948C-7AA9C352CC46}.Debug|Any CPU.ActiveCfg = Debug|Any CPU
		{94463D80-B0AF-4E28-948C-7AA9C352CC46}.Debug|Any CPU.Build.0 = Debug|Any CPU
		{94463D80-B0AF-4E28-948C-7AA9C352CC46}.Release|Any CPU.ActiveCfg = Release|Any CPU
		{94463D80-B0AF-4E28-948C-7AA9C352CC46}.Release|Any CPU.Build.0 = Release|Any CPU
		{DA920700-670C-41B9-A217-608018A08874}.Debug|Any CPU.ActiveCfg = Debug|Any CPU
		{DA920700-670C-41B9-A217-608018A08874}.Debug|Any CPU.Build.0 = Debug|Any CPU
		{DA920700-670C-41B9-A217-608018A08874}.Release|Any CPU.ActiveCfg = Release|Any CPU
		{DA920700-670C-41B9-A217-608018A08874}.Release|Any CPU.Build.0 = Release|Any CPU
		{EFDFEE29-9093-4915-B2DD-30BE13383E7A}.Debug|Any CPU.ActiveCfg = Debug|Any CPU
		{EFDFEE29-9093-4915-B2DD-30BE13383E7A}.Debug|Any CPU.Build.0 = Debug|Any CPU
		{EFDFEE29-9093-4915-B2DD-30BE13383E7A}.Release|Any CPU.ActiveCfg = Release|Any CPU
		{EFDFEE29-9093-4915-B2DD-30BE13383E7A}.Release|Any CPU.Build.0 = Release|Any CPU
		{8D633476-372F-4416-B8DE-61554970181C}.Debug|Any CPU.ActiveCfg = Debug|Any CPU
		{8D633476-372F-4416-B8DE-61554970181C}.Debug|Any CPU.Build.0 = Debug|Any CPU
		{8D633476-372F-4416-B8DE-61554970181C}.Release|Any CPU.ActiveCfg = Release|Any CPU
		{8D633476-372F-4416-B8DE-61554970181C}.Release|Any CPU.Build.0 = Release|Any CPU
		{79128CA0-E439-425B-8A6D-C2106AB22344}.Debug|Any CPU.ActiveCfg = Debug|Any CPU
		{79128CA0-E439-425B-8A6D-C2106AB22344}.Debug|Any CPU.Build.0 = Debug|Any CPU
		{79128CA0-E439-425B-8A6D-C2106AB22344}.Release|Any CPU.ActiveCfg = Release|Any CPU
		{79128CA0-E439-425B-8A6D-C2106AB22344}.Release|Any CPU.Build.0 = Release|Any CPU
		{D63A6854-B942-4B0F-BCE0-02684D57C500}.Debug|Any CPU.ActiveCfg = Debug|Any CPU
		{D63A6854-B942-4B0F-BCE0-02684D57C500}.Debug|Any CPU.Build.0 = Debug|Any CPU
		{D63A6854-B942-4B0F-BCE0-02684D57C500}.Release|Any CPU.ActiveCfg = Release|Any CPU
		{D63A6854-B942-4B0F-BCE0-02684D57C500}.Release|Any CPU.Build.0 = Release|Any CPU
		{192D2552-F46D-4E11-A34D-DF3EF0782750}.Debug|Any CPU.ActiveCfg = Debug|Any CPU
		{192D2552-F46D-4E11-A34D-DF3EF0782750}.Debug|Any CPU.Build.0 = Debug|Any CPU
		{192D2552-F46D-4E11-A34D-DF3EF0782750}.Release|Any CPU.ActiveCfg = Release|Any CPU
		{192D2552-F46D-4E11-A34D-DF3EF0782750}.Release|Any CPU.Build.0 = Release|Any CPU
		{0D140EE6-6951-46FA-B8D3-7DB726BA4C9C}.Debug|Any CPU.ActiveCfg = Debug|Any CPU
		{0D140EE6-6951-46FA-B8D3-7DB726BA4C9C}.Debug|Any CPU.Build.0 = Debug|Any CPU
		{0D140EE6-6951-46FA-B8D3-7DB726BA4C9C}.Release|Any CPU.ActiveCfg = Release|Any CPU
		{0D140EE6-6951-46FA-B8D3-7DB726BA4C9C}.Release|Any CPU.Build.0 = Release|Any CPU
		{7588C033-A8C5-4E8D-91F2-E6AF7395DDF5}.Debug|Any CPU.ActiveCfg = Debug|Any CPU
		{7588C033-A8C5-4E8D-91F2-E6AF7395DDF5}.Debug|Any CPU.Build.0 = Debug|Any CPU
		{7588C033-A8C5-4E8D-91F2-E6AF7395DDF5}.Release|Any CPU.ActiveCfg = Release|Any CPU
		{7588C033-A8C5-4E8D-91F2-E6AF7395DDF5}.Release|Any CPU.Build.0 = Release|Any CPU
		{2FB0BC2E-B4A9-42D3-A84B-F8BD0CFCB80F}.Debug|Any CPU.ActiveCfg = Debug|Any CPU
		{2FB0BC2E-B4A9-42D3-A84B-F8BD0CFCB80F}.Debug|Any CPU.Build.0 = Debug|Any CPU
		{2FB0BC2E-B4A9-42D3-A84B-F8BD0CFCB80F}.Release|Any CPU.ActiveCfg = Release|Any CPU
		{2FB0BC2E-B4A9-42D3-A84B-F8BD0CFCB80F}.Release|Any CPU.Build.0 = Release|Any CPU
		{CE544BA5-2DDF-46FB-961D-D785842BBB24}.Debug|Any CPU.ActiveCfg = Debug|Any CPU
		{CE544BA5-2DDF-46FB-961D-D785842BBB24}.Debug|Any CPU.Build.0 = Debug|Any CPU
		{CE544BA5-2DDF-46FB-961D-D785842BBB24}.Release|Any CPU.ActiveCfg = Release|Any CPU
		{CE544BA5-2DDF-46FB-961D-D785842BBB24}.Release|Any CPU.Build.0 = Release|Any CPU
		{8F7A0A60-C3EB-4A09-BD6A-0F99FE73D307}.Debug|Any CPU.ActiveCfg = Debug|Any CPU
		{8F7A0A60-C3EB-4A09-BD6A-0F99FE73D307}.Debug|Any CPU.Build.0 = Debug|Any CPU
		{8F7A0A60-C3EB-4A09-BD6A-0F99FE73D307}.Release|Any CPU.ActiveCfg = Release|Any CPU
		{8F7A0A60-C3EB-4A09-BD6A-0F99FE73D307}.Release|Any CPU.Build.0 = Release|Any CPU
		{C336824F-6ADF-452B-A736-2253B9BF43B5}.Debug|Any CPU.ActiveCfg = Debug|Any CPU
		{C336824F-6ADF-452B-A736-2253B9BF43B5}.Debug|Any CPU.Build.0 = Debug|Any CPU
		{C336824F-6ADF-452B-A736-2253B9BF43B5}.Release|Any CPU.ActiveCfg = Release|Any CPU
		{C336824F-6ADF-452B-A736-2253B9BF43B5}.Release|Any CPU.Build.0 = Release|Any CPU
		{F0D6A889-8CEC-40B6-A80E-2E78C431739C}.Debug|Any CPU.ActiveCfg = Debug|Any CPU
		{F0D6A889-8CEC-40B6-A80E-2E78C431739C}.Debug|Any CPU.Build.0 = Debug|Any CPU
		{F0D6A889-8CEC-40B6-A80E-2E78C431739C}.Release|Any CPU.ActiveCfg = Release|Any CPU
		{F0D6A889-8CEC-40B6-A80E-2E78C431739C}.Release|Any CPU.Build.0 = Release|Any CPU
		{C31337E8-EFAE-4278-8FE3-7197904E9883}.Debug|Any CPU.ActiveCfg = Debug|Any CPU
		{C31337E8-EFAE-4278-8FE3-7197904E9883}.Debug|Any CPU.Build.0 = Debug|Any CPU
		{C31337E8-EFAE-4278-8FE3-7197904E9883}.Release|Any CPU.ActiveCfg = Release|Any CPU
		{C31337E8-EFAE-4278-8FE3-7197904E9883}.Release|Any CPU.Build.0 = Release|Any CPU
		{8EA79F51-0ECA-49E5-AF2F-A7F3B457BF90}.Debug|Any CPU.ActiveCfg = Debug|Any CPU
		{8EA79F51-0ECA-49E5-AF2F-A7F3B457BF90}.Debug|Any CPU.Build.0 = Debug|Any CPU
		{8EA79F51-0ECA-49E5-AF2F-A7F3B457BF90}.Release|Any CPU.ActiveCfg = Release|Any CPU
		{8EA79F51-0ECA-49E5-AF2F-A7F3B457BF90}.Release|Any CPU.Build.0 = Release|Any CPU
		{245A60F4-07BD-44F1-B61C-6BDD476E2ABA}.Debug|Any CPU.ActiveCfg = Debug|Any CPU
		{245A60F4-07BD-44F1-B61C-6BDD476E2ABA}.Debug|Any CPU.Build.0 = Debug|Any CPU
		{245A60F4-07BD-44F1-B61C-6BDD476E2ABA}.Release|Any CPU.ActiveCfg = Release|Any CPU
		{245A60F4-07BD-44F1-B61C-6BDD476E2ABA}.Release|Any CPU.Build.0 = Release|Any CPU
		{572D84D7-DE8B-4257-83CB-F2AE391E5F04}.Debug|Any CPU.ActiveCfg = Debug|Any CPU
		{572D84D7-DE8B-4257-83CB-F2AE391E5F04}.Debug|Any CPU.Build.0 = Debug|Any CPU
		{572D84D7-DE8B-4257-83CB-F2AE391E5F04}.Release|Any CPU.ActiveCfg = Release|Any CPU
		{572D84D7-DE8B-4257-83CB-F2AE391E5F04}.Release|Any CPU.Build.0 = Release|Any CPU
		{87CE806F-17B6-4A5E-975F-4FC46A3A947F}.Debug|Any CPU.ActiveCfg = Debug|Any CPU
		{87CE806F-17B6-4A5E-975F-4FC46A3A947F}.Debug|Any CPU.Build.0 = Debug|Any CPU
		{87CE806F-17B6-4A5E-975F-4FC46A3A947F}.Release|Any CPU.ActiveCfg = Release|Any CPU
		{87CE806F-17B6-4A5E-975F-4FC46A3A947F}.Release|Any CPU.Build.0 = Release|Any CPU
		{8CA4CADF-3A19-4A1C-9E52-0D681C967596}.Debug|Any CPU.ActiveCfg = Debug|Any CPU
		{8CA4CADF-3A19-4A1C-9E52-0D681C967596}.Debug|Any CPU.Build.0 = Debug|Any CPU
		{8CA4CADF-3A19-4A1C-9E52-0D681C967596}.Release|Any CPU.ActiveCfg = Release|Any CPU
		{8CA4CADF-3A19-4A1C-9E52-0D681C967596}.Release|Any CPU.Build.0 = Release|Any CPU
		{D48A5E14-5318-4074-ACB5-85BE8A790B4F}.Debug|Any CPU.ActiveCfg = Debug|Any CPU
		{D48A5E14-5318-4074-ACB5-85BE8A790B4F}.Debug|Any CPU.Build.0 = Debug|Any CPU
		{D48A5E14-5318-4074-ACB5-85BE8A790B4F}.Release|Any CPU.ActiveCfg = Release|Any CPU
		{D48A5E14-5318-4074-ACB5-85BE8A790B4F}.Release|Any CPU.Build.0 = Release|Any CPU
		{76F685DD-990B-46D5-9015-2FE63CCAE998}.Debug|Any CPU.ActiveCfg = Debug|Any CPU
		{76F685DD-990B-46D5-9015-2FE63CCAE998}.Debug|Any CPU.Build.0 = Debug|Any CPU
		{76F685DD-990B-46D5-9015-2FE63CCAE998}.Release|Any CPU.ActiveCfg = Release|Any CPU
		{76F685DD-990B-46D5-9015-2FE63CCAE998}.Release|Any CPU.Build.0 = Release|Any CPU
		{D1FA6243-9B2E-4571-A921-C0A67FE58C0D}.Debug|Any CPU.ActiveCfg = Debug|Any CPU
		{D1FA6243-9B2E-4571-A921-C0A67FE58C0D}.Debug|Any CPU.Build.0 = Debug|Any CPU
		{D1FA6243-9B2E-4571-A921-C0A67FE58C0D}.Release|Any CPU.ActiveCfg = Release|Any CPU
		{D1FA6243-9B2E-4571-A921-C0A67FE58C0D}.Release|Any CPU.Build.0 = Release|Any CPU
		{A9250AE4-0379-44A1-9CD1-454FB5F817F0}.Debug|Any CPU.ActiveCfg = Debug|Any CPU
		{A9250AE4-0379-44A1-9CD1-454FB5F817F0}.Debug|Any CPU.Build.0 = Debug|Any CPU
		{A9250AE4-0379-44A1-9CD1-454FB5F817F0}.Release|Any CPU.ActiveCfg = Release|Any CPU
		{A9250AE4-0379-44A1-9CD1-454FB5F817F0}.Release|Any CPU.Build.0 = Release|Any CPU
		{5EBF6978-E076-4BA7-BFD7-1EA705DE1828}.Debug|Any CPU.ActiveCfg = Debug|Any CPU
		{5EBF6978-E076-4BA7-BFD7-1EA705DE1828}.Debug|Any CPU.Build.0 = Debug|Any CPU
		{5EBF6978-E076-4BA7-BFD7-1EA705DE1828}.Release|Any CPU.ActiveCfg = Release|Any CPU
		{5EBF6978-E076-4BA7-BFD7-1EA705DE1828}.Release|Any CPU.Build.0 = Release|Any CPU
		{14EA2878-1CD8-4C21-BB50-B43BCCA12E42}.Debug|Any CPU.ActiveCfg = Debug|Any CPU
		{14EA2878-1CD8-4C21-BB50-B43BCCA12E42}.Debug|Any CPU.Build.0 = Debug|Any CPU
		{14EA2878-1CD8-4C21-BB50-B43BCCA12E42}.Release|Any CPU.ActiveCfg = Release|Any CPU
		{14EA2878-1CD8-4C21-BB50-B43BCCA12E42}.Release|Any CPU.Build.0 = Release|Any CPU
		{2FAA5BFF-972A-4CC5-B28F-33B686DB8338}.Debug|Any CPU.ActiveCfg = Debug|Any CPU
		{2FAA5BFF-972A-4CC5-B28F-33B686DB8338}.Debug|Any CPU.Build.0 = Debug|Any CPU
		{2FAA5BFF-972A-4CC5-B28F-33B686DB8338}.Release|Any CPU.ActiveCfg = Release|Any CPU
		{2FAA5BFF-972A-4CC5-B28F-33B686DB8338}.Release|Any CPU.Build.0 = Release|Any CPU
		{A851EBDB-A001-47EF-A3BB-B683B192815F}.Debug|Any CPU.ActiveCfg = Debug|Any CPU
		{A851EBDB-A001-47EF-A3BB-B683B192815F}.Debug|Any CPU.Build.0 = Debug|Any CPU
		{A851EBDB-A001-47EF-A3BB-B683B192815F}.Release|Any CPU.ActiveCfg = Release|Any CPU
		{A851EBDB-A001-47EF-A3BB-B683B192815F}.Release|Any CPU.Build.0 = Release|Any CPU
		{98B2A644-020C-4ACA-B9F1-4E546CF2B87C}.Debug|Any CPU.ActiveCfg = Debug|Any CPU
		{98B2A644-020C-4ACA-B9F1-4E546CF2B87C}.Debug|Any CPU.Build.0 = Debug|Any CPU
		{98B2A644-020C-4ACA-B9F1-4E546CF2B87C}.Release|Any CPU.ActiveCfg = Release|Any CPU
		{98B2A644-020C-4ACA-B9F1-4E546CF2B87C}.Release|Any CPU.Build.0 = Release|Any CPU
		{7F996A41-1E47-4EFE-B80B-D0E5450435BA}.Debug|Any CPU.ActiveCfg = Debug|Any CPU
		{7F996A41-1E47-4EFE-B80B-D0E5450435BA}.Debug|Any CPU.Build.0 = Debug|Any CPU
		{7F996A41-1E47-4EFE-B80B-D0E5450435BA}.Release|Any CPU.ActiveCfg = Release|Any CPU
		{7F996A41-1E47-4EFE-B80B-D0E5450435BA}.Release|Any CPU.Build.0 = Release|Any CPU
		{58771182-0DB2-488D-9B04-BE5ECEA155D9}.Debug|Any CPU.ActiveCfg = Debug|Any CPU
		{58771182-0DB2-488D-9B04-BE5ECEA155D9}.Debug|Any CPU.Build.0 = Debug|Any CPU
		{58771182-0DB2-488D-9B04-BE5ECEA155D9}.Release|Any CPU.ActiveCfg = Release|Any CPU
		{58771182-0DB2-488D-9B04-BE5ECEA155D9}.Release|Any CPU.Build.0 = Release|Any CPU
		{BB71B37F-8553-490E-9AE8-2CAFCEAF6D3A}.Debug|Any CPU.ActiveCfg = Debug|Any CPU
		{BB71B37F-8553-490E-9AE8-2CAFCEAF6D3A}.Debug|Any CPU.Build.0 = Debug|Any CPU
		{BB71B37F-8553-490E-9AE8-2CAFCEAF6D3A}.Release|Any CPU.ActiveCfg = Release|Any CPU
		{BB71B37F-8553-490E-9AE8-2CAFCEAF6D3A}.Release|Any CPU.Build.0 = Release|Any CPU
		{EEC97456-7866-4951-972E-2697881F7CB7}.Debug|Any CPU.ActiveCfg = Debug|Any CPU
		{EEC97456-7866-4951-972E-2697881F7CB7}.Debug|Any CPU.Build.0 = Debug|Any CPU
		{EEC97456-7866-4951-972E-2697881F7CB7}.Release|Any CPU.ActiveCfg = Release|Any CPU
		{EEC97456-7866-4951-972E-2697881F7CB7}.Release|Any CPU.Build.0 = Release|Any CPU
		{C009A6E4-B370-4242-BE35-C5E89582EB70}.Debug|Any CPU.ActiveCfg = Debug|Any CPU
		{C009A6E4-B370-4242-BE35-C5E89582EB70}.Debug|Any CPU.Build.0 = Debug|Any CPU
		{C009A6E4-B370-4242-BE35-C5E89582EB70}.Release|Any CPU.ActiveCfg = Release|Any CPU
		{C009A6E4-B370-4242-BE35-C5E89582EB70}.Release|Any CPU.Build.0 = Release|Any CPU
		{F7F0D94E-2169-4527-B9C8-32C4647B2D68}.Debug|Any CPU.ActiveCfg = Debug|Any CPU
		{F7F0D94E-2169-4527-B9C8-32C4647B2D68}.Debug|Any CPU.Build.0 = Debug|Any CPU
		{F7F0D94E-2169-4527-B9C8-32C4647B2D68}.Release|Any CPU.ActiveCfg = Release|Any CPU
		{F7F0D94E-2169-4527-B9C8-32C4647B2D68}.Release|Any CPU.Build.0 = Release|Any CPU
		{60EB8890-9175-40C8-B11D-1B6EC27FA74D}.Debug|Any CPU.ActiveCfg = Debug|Any CPU
		{60EB8890-9175-40C8-B11D-1B6EC27FA74D}.Debug|Any CPU.Build.0 = Debug|Any CPU
		{60EB8890-9175-40C8-B11D-1B6EC27FA74D}.Release|Any CPU.ActiveCfg = Release|Any CPU
		{60EB8890-9175-40C8-B11D-1B6EC27FA74D}.Release|Any CPU.Build.0 = Release|Any CPU
		{E5762351-77EB-4B07-954D-89C9F8C24836}.Debug|Any CPU.ActiveCfg = Debug|Any CPU
		{E5762351-77EB-4B07-954D-89C9F8C24836}.Debug|Any CPU.Build.0 = Debug|Any CPU
		{E5762351-77EB-4B07-954D-89C9F8C24836}.Release|Any CPU.ActiveCfg = Release|Any CPU
		{E5762351-77EB-4B07-954D-89C9F8C24836}.Release|Any CPU.Build.0 = Release|Any CPU
		{70C6AA73-FAF8-453D-9FED-D411665B5B9C}.Debug|Any CPU.ActiveCfg = Debug|Any CPU
		{70C6AA73-FAF8-453D-9FED-D411665B5B9C}.Debug|Any CPU.Build.0 = Debug|Any CPU
		{70C6AA73-FAF8-453D-9FED-D411665B5B9C}.Release|Any CPU.ActiveCfg = Release|Any CPU
		{70C6AA73-FAF8-453D-9FED-D411665B5B9C}.Release|Any CPU.Build.0 = Release|Any CPU
		{72BAA0C1-D183-48F3-BCA3-750864D7BB8E}.Debug|Any CPU.ActiveCfg = Debug|Any CPU
		{72BAA0C1-D183-48F3-BCA3-750864D7BB8E}.Debug|Any CPU.Build.0 = Debug|Any CPU
		{72BAA0C1-D183-48F3-BCA3-750864D7BB8E}.Release|Any CPU.ActiveCfg = Release|Any CPU
		{72BAA0C1-D183-48F3-BCA3-750864D7BB8E}.Release|Any CPU.Build.0 = Release|Any CPU
		{0D914807-6F89-41E6-BCB3-0D817508E7D6}.Debug|Any CPU.ActiveCfg = Debug|Any CPU
		{0D914807-6F89-41E6-BCB3-0D817508E7D6}.Debug|Any CPU.Build.0 = Debug|Any CPU
		{0D914807-6F89-41E6-BCB3-0D817508E7D6}.Release|Any CPU.ActiveCfg = Release|Any CPU
		{0D914807-6F89-41E6-BCB3-0D817508E7D6}.Release|Any CPU.Build.0 = Release|Any CPU
		{F7BD33C6-55BD-4180-BDCE-3704DFCB0507}.Debug|Any CPU.ActiveCfg = Debug|Any CPU
		{F7BD33C6-55BD-4180-BDCE-3704DFCB0507}.Debug|Any CPU.Build.0 = Debug|Any CPU
		{F7BD33C6-55BD-4180-BDCE-3704DFCB0507}.Release|Any CPU.ActiveCfg = Release|Any CPU
		{F7BD33C6-55BD-4180-BDCE-3704DFCB0507}.Release|Any CPU.Build.0 = Release|Any CPU
		{0A1C156F-F6DF-4E17-BF05-419F59670C45}.Debug|Any CPU.ActiveCfg = Debug|Any CPU
		{0A1C156F-F6DF-4E17-BF05-419F59670C45}.Debug|Any CPU.Build.0 = Debug|Any CPU
		{0A1C156F-F6DF-4E17-BF05-419F59670C45}.Release|Any CPU.ActiveCfg = Release|Any CPU
		{0A1C156F-F6DF-4E17-BF05-419F59670C45}.Release|Any CPU.Build.0 = Release|Any CPU
		{AAE2C837-6EE2-4CF1-9DB4-8EAADB85D2B6}.Debug|Any CPU.ActiveCfg = Debug|Any CPU
		{AAE2C837-6EE2-4CF1-9DB4-8EAADB85D2B6}.Debug|Any CPU.Build.0 = Debug|Any CPU
		{AAE2C837-6EE2-4CF1-9DB4-8EAADB85D2B6}.Release|Any CPU.ActiveCfg = Release|Any CPU
		{AAE2C837-6EE2-4CF1-9DB4-8EAADB85D2B6}.Release|Any CPU.Build.0 = Release|Any CPU
		{05A5CF44-B888-42CD-82CC-13930D20D1F1}.Debug|Any CPU.ActiveCfg = Debug|Any CPU
		{05A5CF44-B888-42CD-82CC-13930D20D1F1}.Debug|Any CPU.Build.0 = Debug|Any CPU
		{05A5CF44-B888-42CD-82CC-13930D20D1F1}.Release|Any CPU.ActiveCfg = Release|Any CPU
		{05A5CF44-B888-42CD-82CC-13930D20D1F1}.Release|Any CPU.Build.0 = Release|Any CPU
		{F58ECF8E-C26B-412F-AFB4-FD9C160C0315}.Debug|Any CPU.ActiveCfg = Debug|Any CPU
		{F58ECF8E-C26B-412F-AFB4-FD9C160C0315}.Debug|Any CPU.Build.0 = Debug|Any CPU
		{F58ECF8E-C26B-412F-AFB4-FD9C160C0315}.Release|Any CPU.ActiveCfg = Release|Any CPU
		{F58ECF8E-C26B-412F-AFB4-FD9C160C0315}.Release|Any CPU.Build.0 = Release|Any CPU
		{FC894C8E-B71A-4C52-AD6D-F2A00DF54A8A}.Debug|Any CPU.ActiveCfg = Debug|Any CPU
		{FC894C8E-B71A-4C52-AD6D-F2A00DF54A8A}.Debug|Any CPU.Build.0 = Debug|Any CPU
		{FC894C8E-B71A-4C52-AD6D-F2A00DF54A8A}.Release|Any CPU.ActiveCfg = Release|Any CPU
		{FC894C8E-B71A-4C52-AD6D-F2A00DF54A8A}.Release|Any CPU.Build.0 = Release|Any CPU
		{D985D2E2-4489-4F4A-AD04-F1298317F7F5}.Debug|Any CPU.ActiveCfg = Debug|Any CPU
		{D985D2E2-4489-4F4A-AD04-F1298317F7F5}.Debug|Any CPU.Build.0 = Debug|Any CPU
		{D985D2E2-4489-4F4A-AD04-F1298317F7F5}.Release|Any CPU.ActiveCfg = Release|Any CPU
		{D985D2E2-4489-4F4A-AD04-F1298317F7F5}.Release|Any CPU.Build.0 = Release|Any CPU
		{69AB0F69-8D52-4E29-A470-60032F625467}.Debug|Any CPU.ActiveCfg = Debug|Any CPU
		{69AB0F69-8D52-4E29-A470-60032F625467}.Debug|Any CPU.Build.0 = Debug|Any CPU
		{69AB0F69-8D52-4E29-A470-60032F625467}.Release|Any CPU.ActiveCfg = Release|Any CPU
		{69AB0F69-8D52-4E29-A470-60032F625467}.Release|Any CPU.Build.0 = Release|Any CPU
		{0168C6D0-EFE2-4BA4-81DF-CE7408CD7DCA}.Debug|Any CPU.ActiveCfg = Debug|Any CPU
		{0168C6D0-EFE2-4BA4-81DF-CE7408CD7DCA}.Debug|Any CPU.Build.0 = Debug|Any CPU
		{0168C6D0-EFE2-4BA4-81DF-CE7408CD7DCA}.Release|Any CPU.ActiveCfg = Release|Any CPU
		{0168C6D0-EFE2-4BA4-81DF-CE7408CD7DCA}.Release|Any CPU.Build.0 = Release|Any CPU
		{EEB46A17-4560-4BF5-8046-78AEC934E884}.Debug|Any CPU.ActiveCfg = Debug|Any CPU
		{EEB46A17-4560-4BF5-8046-78AEC934E884}.Debug|Any CPU.Build.0 = Debug|Any CPU
		{EEB46A17-4560-4BF5-8046-78AEC934E884}.Release|Any CPU.ActiveCfg = Release|Any CPU
		{EEB46A17-4560-4BF5-8046-78AEC934E884}.Release|Any CPU.Build.0 = Release|Any CPU
		{032A4214-9518-43D4-90A9-062C97AF5A72}.Debug|Any CPU.ActiveCfg = Debug|Any CPU
		{032A4214-9518-43D4-90A9-062C97AF5A72}.Debug|Any CPU.Build.0 = Debug|Any CPU
		{032A4214-9518-43D4-90A9-062C97AF5A72}.Release|Any CPU.ActiveCfg = Release|Any CPU
		{032A4214-9518-43D4-90A9-062C97AF5A72}.Release|Any CPU.Build.0 = Release|Any CPU
		{1202785D-3174-4CDD-91B1-75C9ECBF9F99}.Debug|Any CPU.ActiveCfg = Debug|Any CPU
		{1202785D-3174-4CDD-91B1-75C9ECBF9F99}.Debug|Any CPU.Build.0 = Debug|Any CPU
		{1202785D-3174-4CDD-91B1-75C9ECBF9F99}.Release|Any CPU.ActiveCfg = Release|Any CPU
		{1202785D-3174-4CDD-91B1-75C9ECBF9F99}.Release|Any CPU.Build.0 = Release|Any CPU
		{0B8B49C9-39C1-4FA5-90CB-6F3BA8846E37}.Debug|Any CPU.ActiveCfg = Debug|Any CPU
		{0B8B49C9-39C1-4FA5-90CB-6F3BA8846E37}.Debug|Any CPU.Build.0 = Debug|Any CPU
		{0B8B49C9-39C1-4FA5-90CB-6F3BA8846E37}.Release|Any CPU.ActiveCfg = Release|Any CPU
		{0B8B49C9-39C1-4FA5-90CB-6F3BA8846E37}.Release|Any CPU.Build.0 = Release|Any CPU
		{D2FD1F01-CFF3-4169-93D4-E10914CCE8EC}.Debug|Any CPU.ActiveCfg = Debug|Any CPU
		{D2FD1F01-CFF3-4169-93D4-E10914CCE8EC}.Debug|Any CPU.Build.0 = Debug|Any CPU
		{D2FD1F01-CFF3-4169-93D4-E10914CCE8EC}.Release|Any CPU.ActiveCfg = Release|Any CPU
		{D2FD1F01-CFF3-4169-93D4-E10914CCE8EC}.Release|Any CPU.Build.0 = Release|Any CPU
		{E6F1AB95-9EC8-4E3F-BF1F-808754D5C33D}.Debug|Any CPU.ActiveCfg = Debug|Any CPU
		{E6F1AB95-9EC8-4E3F-BF1F-808754D5C33D}.Debug|Any CPU.Build.0 = Debug|Any CPU
		{E6F1AB95-9EC8-4E3F-BF1F-808754D5C33D}.Release|Any CPU.ActiveCfg = Release|Any CPU
		{E6F1AB95-9EC8-4E3F-BF1F-808754D5C33D}.Release|Any CPU.Build.0 = Release|Any CPU
		{FB733F02-C212-4F19-BC8A-7CD4A0F52F42}.Debug|Any CPU.ActiveCfg = Debug|Any CPU
		{FB733F02-C212-4F19-BC8A-7CD4A0F52F42}.Debug|Any CPU.Build.0 = Debug|Any CPU
		{FB733F02-C212-4F19-BC8A-7CD4A0F52F42}.Release|Any CPU.ActiveCfg = Release|Any CPU
		{FB733F02-C212-4F19-BC8A-7CD4A0F52F42}.Release|Any CPU.Build.0 = Release|Any CPU
		{DAD494B1-F4D0-4EF9-8E0F-F9609F4E0F54}.Debug|Any CPU.ActiveCfg = Debug|Any CPU
		{DAD494B1-F4D0-4EF9-8E0F-F9609F4E0F54}.Debug|Any CPU.Build.0 = Debug|Any CPU
		{DAD494B1-F4D0-4EF9-8E0F-F9609F4E0F54}.Release|Any CPU.ActiveCfg = Release|Any CPU
		{DAD494B1-F4D0-4EF9-8E0F-F9609F4E0F54}.Release|Any CPU.Build.0 = Release|Any CPU
		{D636FFA5-0EA2-4CC9-8F1B-C426B242F8BE}.Debug|Any CPU.ActiveCfg = Debug|Any CPU
		{D636FFA5-0EA2-4CC9-8F1B-C426B242F8BE}.Debug|Any CPU.Build.0 = Debug|Any CPU
		{D636FFA5-0EA2-4CC9-8F1B-C426B242F8BE}.Release|Any CPU.ActiveCfg = Release|Any CPU
		{D636FFA5-0EA2-4CC9-8F1B-C426B242F8BE}.Release|Any CPU.Build.0 = Release|Any CPU
		{D7AF6AE7-D689-4628-AE9D-F29849B57684}.Debug|Any CPU.ActiveCfg = Debug|Any CPU
		{D7AF6AE7-D689-4628-AE9D-F29849B57684}.Debug|Any CPU.Build.0 = Debug|Any CPU
		{D7AF6AE7-D689-4628-AE9D-F29849B57684}.Release|Any CPU.ActiveCfg = Release|Any CPU
		{D7AF6AE7-D689-4628-AE9D-F29849B57684}.Release|Any CPU.Build.0 = Release|Any CPU
		{260F434D-1CF1-4098-802C-DB239F62FB54}.Debug|Any CPU.ActiveCfg = Debug|Any CPU
		{260F434D-1CF1-4098-802C-DB239F62FB54}.Debug|Any CPU.Build.0 = Debug|Any CPU
		{260F434D-1CF1-4098-802C-DB239F62FB54}.Release|Any CPU.ActiveCfg = Release|Any CPU
		{260F434D-1CF1-4098-802C-DB239F62FB54}.Release|Any CPU.Build.0 = Release|Any CPU
	EndGlobalSection
	GlobalSection(SolutionProperties) = preSolution
		HideSolutionNode = FALSE
	EndGlobalSection
	GlobalSection(NestedProjects) = preSolution
		{A0B34E3D-DBA6-462C-954F-9F8505D2F63C} = {6F1024A2-7B59-4941-9F3C-F41634DE42A8}
		{B8772566-B13B-438F-BAF7-30595048C658} = {A0B34E3D-DBA6-462C-954F-9F8505D2F63C}
		{8D319689-1590-40B5-8232-E464A4EF3F8B} = {B8772566-B13B-438F-BAF7-30595048C658}
		{F7990A24-98A7-49B2-87C3-C8344D76E25B} = {B8772566-B13B-438F-BAF7-30595048C658}
		{9FA98729-FC37-4406-8C08-33E2C2ABA033} = {B8772566-B13B-438F-BAF7-30595048C658}
		{816BFB2F-1EC7-4EBA-BEEC-F338173406CB} = {B8772566-B13B-438F-BAF7-30595048C658}
		{A49F63D6-C18B-4CAC-8642-87D4E4AA8074} = {B8772566-B13B-438F-BAF7-30595048C658}
		{9DFE853D-48A2-49EC-8D9E-311481E18D45} = {B8772566-B13B-438F-BAF7-30595048C658}
		{C59A402A-032F-4443-ACDB-BE0C00A29979} = {B8772566-B13B-438F-BAF7-30595048C658}
		{521777D4-0C91-4312-928C-B86AB951E63D} = {B8772566-B13B-438F-BAF7-30595048C658}
		{96A60A90-8139-4339-B413-B77258E5E942} = {B8772566-B13B-438F-BAF7-30595048C658}
		{2B2F278E-476C-41A7-A739-3475ECFE854D} = {6F1024A2-7B59-4941-9F3C-F41634DE42A8}
		{EDAB0E4C-D781-444F-8D3A-1FF8672ECFF2} = {2B2F278E-476C-41A7-A739-3475ECFE854D}
		{D3C31915-01A1-4594-8638-72CF9E6FC851} = {EDAB0E4C-D781-444F-8D3A-1FF8672ECFF2}
		{3D9A211D-9FAF-4AE3-8157-8F65097524F8} = {EDAB0E4C-D781-444F-8D3A-1FF8672ECFF2}
		{0A0F30D4-25DF-4508-8038-9A876026FE74} = {EDAB0E4C-D781-444F-8D3A-1FF8672ECFF2}
		{EA560136-2121-4862-B08F-76DCFE1E21C4} = {EDAB0E4C-D781-444F-8D3A-1FF8672ECFF2}
		{CFCD428B-6A24-4A5F-8B4B-96CF8178BB61} = {EDAB0E4C-D781-444F-8D3A-1FF8672ECFF2}
		{0B1D2265-1DFE-49B5-B458-1FC5DF67A59E} = {EDAB0E4C-D781-444F-8D3A-1FF8672ECFF2}
		{65A3D207-723B-42CB-927A-7EC390DFAB17} = {EDAB0E4C-D781-444F-8D3A-1FF8672ECFF2}
		{C733A71D-3BCB-4647-9ED3-A824522056CD} = {EDAB0E4C-D781-444F-8D3A-1FF8672ECFF2}
		{5F8E15C7-D181-48BE-A9D8-C20F29FDF7B6} = {EDAB0E4C-D781-444F-8D3A-1FF8672ECFF2}
		{6D19CAD5-B4F4-450E-83E8-9CC7CC82D652} = {EDAB0E4C-D781-444F-8D3A-1FF8672ECFF2}
		{E6907212-3B37-40CD-A5A3-D4552DEE057F} = {2B2F278E-476C-41A7-A739-3475ECFE854D}
		{D9976343-E4F1-4F42-9EE9-B4E3557389C3} = {E6907212-3B37-40CD-A5A3-D4552DEE057F}
		{FFC3604E-F38F-4DE1-847B-FF80CAA07950} = {E6907212-3B37-40CD-A5A3-D4552DEE057F}
		{28F21398-49A0-4D80-B749-8FD35EE72BAD} = {E6907212-3B37-40CD-A5A3-D4552DEE057F}
		{FD864B35-CEDF-479A-9A60-8EB5D5D4FB54} = {E6907212-3B37-40CD-A5A3-D4552DEE057F}
		{1DCCCF83-CF57-4BB9-BC2A-1CB6F0A210FE} = {E6907212-3B37-40CD-A5A3-D4552DEE057F}
		{49762815-0F8C-402C-AB96-841CC7F0236F} = {6F1024A2-7B59-4941-9F3C-F41634DE42A8}
		{8E5FD166-D025-4B36-B5B1-CA3FED659E4F} = {49762815-0F8C-402C-AB96-841CC7F0236F}
		{2A6CB125-A9A6-4988-B3A2-1B7841C6FFD6} = {8E5FD166-D025-4B36-B5B1-CA3FED659E4F}
		{4A34F8B6-4EB9-41DE-8F86-5D95C399BBAF} = {08FBFE93-B163-4F07-8580-7003829EA486}
		{8C3BF23D-CA00-43B8-8EDB-9E75AC067FB8} = {5CC7C125-07A2-4089-94CA-C8FFEAE804FC}
		{A124CE9B-BB86-4A2D-83FE-F7AD498B5237} = {8C3BF23D-CA00-43B8-8EDB-9E75AC067FB8}
		{DB0897F3-8BBB-4C64-AFCE-1B5BCC0A90AE} = {A124CE9B-BB86-4A2D-83FE-F7AD498B5237}
		{1CFD6F24-13A7-4CC4-975B-91DC03BB7D99} = {A124CE9B-BB86-4A2D-83FE-F7AD498B5237}
		{B7FF9B2A-A868-4FF8-8460-2047A2331533} = {8C3BF23D-CA00-43B8-8EDB-9E75AC067FB8}
		{111A4944-B690-4372-993D-848ACB24299B} = {B7FF9B2A-A868-4FF8-8460-2047A2331533}
		{88B92C53-2388-48D4-8C62-E0C80C937D68} = {B7FF9B2A-A868-4FF8-8460-2047A2331533}
		{2DADD30C-606C-4AB2-8054-D1959C69760F} = {B7FF9B2A-A868-4FF8-8460-2047A2331533}
		{15FDB81F-0E63-4D48-AD49-9288F121F3B5} = {B7FF9B2A-A868-4FF8-8460-2047A2331533}
		{B243EAFD-E651-463B-9D63-C48BC9B9D8A6} = {B7FF9B2A-A868-4FF8-8460-2047A2331533}
		{D1AB9E2E-93CB-4440-A1B1-1A0D9A97F417} = {B7FF9B2A-A868-4FF8-8460-2047A2331533}
		{FD87106B-2535-4EFE-B01F-FD90D94200D6} = {B7FF9B2A-A868-4FF8-8460-2047A2331533}
		{A6897515-F0E2-4EE3-B8B3-6B4C2322FC59} = {B7FF9B2A-A868-4FF8-8460-2047A2331533}
		{9AFAAA47-5211-43FF-A0C1-EB0B54D78530} = {B7FF9B2A-A868-4FF8-8460-2047A2331533}
		{94463D80-B0AF-4E28-948C-7AA9C352CC46} = {B7FF9B2A-A868-4FF8-8460-2047A2331533}
		{DA920700-670C-41B9-A217-608018A08874} = {B7FF9B2A-A868-4FF8-8460-2047A2331533}
		{3051A756-F19A-4F65-B9C3-BC050563094D} = {8C3BF23D-CA00-43B8-8EDB-9E75AC067FB8}
		{EFDFEE29-9093-4915-B2DD-30BE13383E7A} = {3051A756-F19A-4F65-B9C3-BC050563094D}
		{8D633476-372F-4416-B8DE-61554970181C} = {3051A756-F19A-4F65-B9C3-BC050563094D}
		{79128CA0-E439-425B-8A6D-C2106AB22344} = {3051A756-F19A-4F65-B9C3-BC050563094D}
		{D63A6854-B942-4B0F-BCE0-02684D57C500} = {3051A756-F19A-4F65-B9C3-BC050563094D}
		{192D2552-F46D-4E11-A34D-DF3EF0782750} = {3051A756-F19A-4F65-B9C3-BC050563094D}
		{9FE72E86-5900-4C15-9A36-B330532E2964} = {5CC7C125-07A2-4089-94CA-C8FFEAE804FC}
		{ADE26A71-FA97-4917-865C-3660B4332154} = {9FE72E86-5900-4C15-9A36-B330532E2964}
		{0D140EE6-6951-46FA-B8D3-7DB726BA4C9C} = {ADE26A71-FA97-4917-865C-3660B4332154}
		{7588C033-A8C5-4E8D-91F2-E6AF7395DDF5} = {ADE26A71-FA97-4917-865C-3660B4332154}
		{9F6D5F76-A439-4F05-BB6F-21DBFB5075E0} = {9FE72E86-5900-4C15-9A36-B330532E2964}
		{2FB0BC2E-B4A9-42D3-A84B-F8BD0CFCB80F} = {9F6D5F76-A439-4F05-BB6F-21DBFB5075E0}
		{CE544BA5-2DDF-46FB-961D-D785842BBB24} = {9F6D5F76-A439-4F05-BB6F-21DBFB5075E0}
		{8F7A0A60-C3EB-4A09-BD6A-0F99FE73D307} = {9F6D5F76-A439-4F05-BB6F-21DBFB5075E0}
		{C336824F-6ADF-452B-A736-2253B9BF43B5} = {9F6D5F76-A439-4F05-BB6F-21DBFB5075E0}
		{F0D6A889-8CEC-40B6-A80E-2E78C431739C} = {9F6D5F76-A439-4F05-BB6F-21DBFB5075E0}
		{C31337E8-EFAE-4278-8FE3-7197904E9883} = {9F6D5F76-A439-4F05-BB6F-21DBFB5075E0}
		{8EA79F51-0ECA-49E5-AF2F-A7F3B457BF90} = {9F6D5F76-A439-4F05-BB6F-21DBFB5075E0}
		{245A60F4-07BD-44F1-B61C-6BDD476E2ABA} = {9F6D5F76-A439-4F05-BB6F-21DBFB5075E0}
		{572D84D7-DE8B-4257-83CB-F2AE391E5F04} = {9F6D5F76-A439-4F05-BB6F-21DBFB5075E0}
		{87CE806F-17B6-4A5E-975F-4FC46A3A947F} = {9F6D5F76-A439-4F05-BB6F-21DBFB5075E0}
		{8CA4CADF-3A19-4A1C-9E52-0D681C967596} = {9F6D5F76-A439-4F05-BB6F-21DBFB5075E0}
		{6C4BECB3-BA11-4397-958A-2A6108646437} = {9FE72E86-5900-4C15-9A36-B330532E2964}
		{D48A5E14-5318-4074-ACB5-85BE8A790B4F} = {6C4BECB3-BA11-4397-958A-2A6108646437}
		{76F685DD-990B-46D5-9015-2FE63CCAE998} = {6C4BECB3-BA11-4397-958A-2A6108646437}
		{D1FA6243-9B2E-4571-A921-C0A67FE58C0D} = {6C4BECB3-BA11-4397-958A-2A6108646437}
		{A9250AE4-0379-44A1-9CD1-454FB5F817F0} = {6C4BECB3-BA11-4397-958A-2A6108646437}
		{5EBF6978-E076-4BA7-BFD7-1EA705DE1828} = {6C4BECB3-BA11-4397-958A-2A6108646437}
		{DCC451FE-9691-4374-B94B-CC2EAAE5F0B2} = {5CC7C125-07A2-4089-94CA-C8FFEAE804FC}
		{1EF8DC82-6C53-4D2D-9CD6-26C4939DB7D6} = {DCC451FE-9691-4374-B94B-CC2EAAE5F0B2}
		{14EA2878-1CD8-4C21-BB50-B43BCCA12E42} = {1EF8DC82-6C53-4D2D-9CD6-26C4939DB7D6}
		{2FAA5BFF-972A-4CC5-B28F-33B686DB8338} = {1EF8DC82-6C53-4D2D-9CD6-26C4939DB7D6}
		{A8DA2428-3AFF-4732-9640-162F40F0C9C8} = {DCC451FE-9691-4374-B94B-CC2EAAE5F0B2}
		{A851EBDB-A001-47EF-A3BB-B683B192815F} = {A8DA2428-3AFF-4732-9640-162F40F0C9C8}
		{98B2A644-020C-4ACA-B9F1-4E546CF2B87C} = {A8DA2428-3AFF-4732-9640-162F40F0C9C8}
		{7F996A41-1E47-4EFE-B80B-D0E5450435BA} = {A8DA2428-3AFF-4732-9640-162F40F0C9C8}
		{58771182-0DB2-488D-9B04-BE5ECEA155D9} = {A8DA2428-3AFF-4732-9640-162F40F0C9C8}
		{BB71B37F-8553-490E-9AE8-2CAFCEAF6D3A} = {A8DA2428-3AFF-4732-9640-162F40F0C9C8}
		{EEC97456-7866-4951-972E-2697881F7CB7} = {A8DA2428-3AFF-4732-9640-162F40F0C9C8}
		{C009A6E4-B370-4242-BE35-C5E89582EB70} = {A8DA2428-3AFF-4732-9640-162F40F0C9C8}
		{F7F0D94E-2169-4527-B9C8-32C4647B2D68} = {A8DA2428-3AFF-4732-9640-162F40F0C9C8}
		{60EB8890-9175-40C8-B11D-1B6EC27FA74D} = {A8DA2428-3AFF-4732-9640-162F40F0C9C8}
		{E5762351-77EB-4B07-954D-89C9F8C24836} = {A8DA2428-3AFF-4732-9640-162F40F0C9C8}
		{70C6AA73-FAF8-453D-9FED-D411665B5B9C} = {A8DA2428-3AFF-4732-9640-162F40F0C9C8}
		{88EE28C1-8284-4EA8-B565-DD8D23591755} = {DCC451FE-9691-4374-B94B-CC2EAAE5F0B2}
		{72BAA0C1-D183-48F3-BCA3-750864D7BB8E} = {88EE28C1-8284-4EA8-B565-DD8D23591755}
		{0D914807-6F89-41E6-BCB3-0D817508E7D6} = {88EE28C1-8284-4EA8-B565-DD8D23591755}
		{F7BD33C6-55BD-4180-BDCE-3704DFCB0507} = {88EE28C1-8284-4EA8-B565-DD8D23591755}
		{0A1C156F-F6DF-4E17-BF05-419F59670C45} = {88EE28C1-8284-4EA8-B565-DD8D23591755}
		{AAE2C837-6EE2-4CF1-9DB4-8EAADB85D2B6} = {88EE28C1-8284-4EA8-B565-DD8D23591755}
		{024A9E05-658D-4EF0-9F10-FA572EFC11AF} = {A02D83E5-6D80-4B02-8B5A-AC83A00EDA43}
		{05A5CF44-B888-42CD-82CC-13930D20D1F1} = {024A9E05-658D-4EF0-9F10-FA572EFC11AF}
		{F58ECF8E-C26B-412F-AFB4-FD9C160C0315} = {024A9E05-658D-4EF0-9F10-FA572EFC11AF}
		{FC894C8E-B71A-4C52-AD6D-F2A00DF54A8A} = {024A9E05-658D-4EF0-9F10-FA572EFC11AF}
		{D985D2E2-4489-4F4A-AD04-F1298317F7F5} = {024A9E05-658D-4EF0-9F10-FA572EFC11AF}
		{69AB0F69-8D52-4E29-A470-60032F625467} = {024A9E05-658D-4EF0-9F10-FA572EFC11AF}
		{0168C6D0-EFE2-4BA4-81DF-CE7408CD7DCA} = {024A9E05-658D-4EF0-9F10-FA572EFC11AF}
		{EEB46A17-4560-4BF5-8046-78AEC934E884} = {024A9E05-658D-4EF0-9F10-FA572EFC11AF}
		{032A4214-9518-43D4-90A9-062C97AF5A72} = {024A9E05-658D-4EF0-9F10-FA572EFC11AF}
		{1202785D-3174-4CDD-91B1-75C9ECBF9F99} = {024A9E05-658D-4EF0-9F10-FA572EFC11AF}
		{0B8B49C9-39C1-4FA5-90CB-6F3BA8846E37} = {024A9E05-658D-4EF0-9F10-FA572EFC11AF}
		{D2FD1F01-CFF3-4169-93D4-E10914CCE8EC} = {024A9E05-658D-4EF0-9F10-FA572EFC11AF}
		{E6F1AB95-9EC8-4E3F-BF1F-808754D5C33D} = {024A9E05-658D-4EF0-9F10-FA572EFC11AF}
		{FB733F02-C212-4F19-BC8A-7CD4A0F52F42} = {024A9E05-658D-4EF0-9F10-FA572EFC11AF}
		{505F857D-C902-4499-AF99-3B8F0256CDAE} = {A02D83E5-6D80-4B02-8B5A-AC83A00EDA43}
		{DAD494B1-F4D0-4EF9-8E0F-F9609F4E0F54} = {505F857D-C902-4499-AF99-3B8F0256CDAE}
		{D636FFA5-0EA2-4CC9-8F1B-C426B242F8BE} = {505F857D-C902-4499-AF99-3B8F0256CDAE}
		{D7AF6AE7-D689-4628-AE9D-F29849B57684} = {505F857D-C902-4499-AF99-3B8F0256CDAE}
		{260F434D-1CF1-4098-802C-DB239F62FB54} = {EDAB0E4C-D781-444F-8D3A-1FF8672ECFF2}
	EndGlobalSection
	GlobalSection(ExtensibilityGlobals) = postSolution
		SolutionGuid = {67F60CD9-A414-4F7A-A8FB-4209A2C718C2}
	EndGlobalSection
EndGlobal
